// !$*UTF8*$!
{
	archiveVersion = 1;
	classes = {
	};
	objectVersion = 77;
	objects = {

/* Begin PBXBuildFile section */
		0196A70762504C14A15DD981 /* RHLinePlot+Segmented.swift in Sources */ = {isa = PBXBuildFile; fileRef = 9D58552F4370A96DA7EE3A0A /* RHLinePlot+Segmented.swift */; };
		04859AE9A67C42A738C1B63F /* ResearchAssistantSheet.swift in Sources */ = {isa = PBXBuildFile; fileRef = 85DD00223176FDA0618D1B79 /* ResearchAssistantSheet.swift */; };
		0BFECB8AE242696230A37BDF /* SymbolPositionComponents.swift in Sources */ = {isa = PBXBuildFile; fileRef = C52A9E2ECC03CE43BFC8D9FC /* SymbolPositionComponents.swift */; };
		0E3236CEEBF388CCA323FEE8 /* SymbolAnalysisComponents.swift in Sources */ = {isa = PBXBuildFile; fileRef = AAF1372236CA83878E7A4921 /* SymbolAnalysisComponents.swift */; };
		0E72177F2B4551255D0E5430 /* OptionsRiskModels.swift in Sources */ = {isa = PBXBuildFile; fileRef = 652A6129B7ECA7E5C9EE394D /* OptionsRiskModels.swift */; };
		136943E11389470444E8B0A4 /* PortfolioHoldingsComponents.swift in Sources */ = {isa = PBXBuildFile; fileRef = B14B50A5C9C4C9119FBF2341 /* PortfolioHoldingsComponents.swift */; };
		13BBE14E8F80B2326B565C28 /* StructuredAnalysisView.swift in Sources */ = {isa = PBXBuildFile; fileRef = 13FCA6420633BB5D44B6B041 /* StructuredAnalysisView.swift */; };
		16E0CC4DFF6364BA853F895E /* ResearchView.swift in Sources */ = {isa = PBXBuildFile; fileRef = 7B3B6C7CF672616FAF79C7FB /* ResearchView.swift */; };
		1AC66644463AC2C0CC810E93 /* MainTabView.swift in Sources */ = {isa = PBXBuildFile; fileRef = 536DB0E375E94676910F3EC9 /* MainTabView.swift */; };
		1C5296B195B50EE5862EA452 /* OnboardingStorage.swift in Sources */ = {isa = PBXBuildFile; fileRef = 089351FDBA4E2E58F33A3247 /* OnboardingStorage.swift */; };
		23728EDEFEA59356CF52E3DB /* ResearchChatPanel.swift in Sources */ = {isa = PBXBuildFile; fileRef = 9952646BAFBB92A38F812F53 /* ResearchChatPanel.swift */; };
		237F75546733AF004F401270 /* ConversationalContentFormatting.swift in Sources */ = {isa = PBXBuildFile; fileRef = 88F10CD8777A91B62DEE3729 /* ConversationalContentFormatting.swift */; };
		24634121853A243E2C7FF713 /* PortfolioAssistantSheet.swift in Sources */ = {isa = PBXBuildFile; fileRef = 9CB203E3C212BF37629FB1C2 /* PortfolioAssistantSheet.swift */; };
		2572DB42360EAF15B1713636 /* SymbolOverviewView.swift in Sources */ = {isa = PBXBuildFile; fileRef = 68D51E9CDB8C1BE024A2559B /* SymbolOverviewView.swift */; };
		2710F98BEE026EE65EA60143 /* SchwabOAuthCoordinator.swift in Sources */ = {isa = PBXBuildFile; fileRef = 1697CBEF68C64E17FD159B09 /* SchwabOAuthCoordinator.swift */; };
		2782B303A743D492AEB18822 /* AccountSettingsScreen.swift in Sources */ = {isa = PBXBuildFile; fileRef = F76615E0F81ED29A5CD48F49 /* AccountSettingsScreen.swift */; };
		28BDE433477973AF54E3EAF5 /* SettingsLoadingView.swift in Sources */ = {isa = PBXBuildFile; fileRef = 9F488810FC54D310EAA5E582 /* SettingsLoadingView.swift */; };
		2BF67BF4B0FF0BEC35CCBB4C /* APIClient.swift in Sources */ = {isa = PBXBuildFile; fileRef = 378E0D8F9FBDA8FEBBCCBFB0 /* APIClient.swift */; };
		2E0F062263870D074455B239 /* StrategyFlowComponents.swift in Sources */ = {isa = PBXBuildFile; fileRef = 37034DEFE43B38FF91FE02F2 /* StrategyFlowComponents.swift */; };
		2FF37DC847904CB471ABEEA1 /* InteractiveCharts.swift in Sources */ = {isa = PBXBuildFile; fileRef = 766BF02D160F584432DB4203 /* InteractiveCharts.swift */; };
		3457AA9D8BDDAD8F969FC80A /* StrategySymbolPlaybookStrip.swift in Sources */ = {isa = PBXBuildFile; fileRef = EC14A291FDFEAE019DBE5329 /* StrategySymbolPlaybookStrip.swift */; };
		3765FC4B172C5ED86E09B443 /* RHLinePlot.swift in Sources */ = {isa = PBXBuildFile; fileRef = 33C53B74F582293140C8F34D /* RHLinePlot.swift */; };
		3DB0EC935E7FF546FB03AAB3 /* LegalSettingsScreen.swift in Sources */ = {isa = PBXBuildFile; fileRef = BD6F171E52B6F66A7CA40D34 /* LegalSettingsScreen.swift */; };
		3E8273AE6D298275A3E57771 /* ResearchOverviewComponents.swift in Sources */ = {isa = PBXBuildFile; fileRef = 2F7D42BB285D3287FD44230C /* ResearchOverviewComponents.swift */; };
		408048425ECAAC3FCE7D612C /* ResearchSymbolStorage.swift in Sources */ = {isa = PBXBuildFile; fileRef = 2E54051E5CFFAB9ABC412D36 /* ResearchSymbolStorage.swift */; };
		425BE6A48B452F0057E1B460 /* TomcrestApp.swift in Sources */ = {isa = PBXBuildFile; fileRef = 8DCF22399EA739788C7300FC /* TomcrestApp.swift */; };
		452945FCB8342A4D45781368 /* ChatModels.swift in Sources */ = {isa = PBXBuildFile; fileRef = 17C5FF5E4B24A4259FAAB0E4 /* ChatModels.swift */; };
		47D0A9DF93C07BAF3007A3EA /* RHInteractiveLinePlot.swift in Sources */ = {isa = PBXBuildFile; fileRef = 46C7E07887888E724D087D1F /* RHInteractiveLinePlot.swift */; };
		49CAD6D3CB2983DAF32469B6 /* FundamentalMetricGroups.swift in Sources */ = {isa = PBXBuildFile; fileRef = 5325426B7882B9B13388D705 /* FundamentalMetricGroups.swift */; };
		4A4FFBCA4C4798A9A6217616 /* NotificationNames.swift in Sources */ = {isa = PBXBuildFile; fileRef = 188C7077D6C3FD981D69FF99 /* NotificationNames.swift */; };
		4BC6F0880288987BC7C0D971 /* BusinessModels.swift in Sources */ = {isa = PBXBuildFile; fileRef = 18E39CD0191BE87D771C3652 /* BusinessModels.swift */; };
		4C4DFE6AB9F5F8C593857A4F /* AppChrome.swift in Sources */ = {isa = PBXBuildFile; fileRef = A3CC047ED52D48648DEB73FA /* AppChrome.swift */; };
		4C5265F15A4B8AB6C003FF4F /* PressAndHorizontalDragGesture.swift in Sources */ = {isa = PBXBuildFile; fileRef = 85EC97728F1993387989923A /* PressAndHorizontalDragGesture.swift */; };
		50C901F53AA8EE4A1B4FDFCC /* PortfolioAnalysisComponents.swift in Sources */ = {isa = PBXBuildFile; fileRef = E2DEF1D4B58C9CBB697935F7 /* PortfolioAnalysisComponents.swift */; };
		511D81DC191BF78480623C65 /* StrategyScreenerModels.swift in Sources */ = {isa = PBXBuildFile; fileRef = 5D8469A8AB52529EDD6CE980 /* StrategyScreenerModels.swift */; };
		52860501FB9FFDD5609277EC /* ResearchTab.swift in Sources */ = {isa = PBXBuildFile; fileRef = A233D5D6226CF735F473D173 /* ResearchTab.swift */; };
		53112FC60664E4D30EC805C8 /* SymbolPositionViewModel.swift in Sources */ = {isa = PBXBuildFile; fileRef = 4B20D45BBE945CE64E04DECA /* SymbolPositionViewModel.swift */; };
		5499A7B6F06A987E55ACDEF1 /* ResearchViewModel.swift in Sources */ = {isa = PBXBuildFile; fileRef = AEA479CA24F0FF3F8389855B /* ResearchViewModel.swift */; };
		54CF128E7807D350D4CA418E /* DesignTokens.swift in Sources */ = {isa = PBXBuildFile; fileRef = A015EB22C602C5345CCFB646 /* DesignTokens.swift */; };
		59611E1342E669CB7A7E0026 /* ChatFollowUpSuggestions.swift in Sources */ = {isa = PBXBuildFile; fileRef = 6D42AB469E65002E4C63E5CD /* ChatFollowUpSuggestions.swift */; };
		5A623C35FC43AE9A8CA06B6F /* AnalysisModels.swift in Sources */ = {isa = PBXBuildFile; fileRef = 8CAF69CE630520F776B851F3 /* AnalysisModels.swift */; };
		5F5498BC2CC2FE602F561F63 /* StructuredAnalysisSupport.swift in Sources */ = {isa = PBXBuildFile; fileRef = 72CA4A5F1E51BCD66EC23681 /* StructuredAnalysisSupport.swift */; };
		605DD9D95546BDF948AD9BF5 /* ResearchExtendedTabs.swift in Sources */ = {isa = PBXBuildFile; fileRef = 55232C90C6EC1B73C4F317D0 /* ResearchExtendedTabs.swift */; };
		6073D4E7B5AAF22CB36E93E3 /* Misc.swift in Sources */ = {isa = PBXBuildFile; fileRef = CDAC06A77DE8D12B57E598D2 /* Misc.swift */; };
		6256CFC036C2F30A9547F3E0 /* JSONPassThrough.swift in Sources */ = {isa = PBXBuildFile; fileRef = 95D58779A1C15248AF2B5AD4 /* JSONPassThrough.swift */; };
		6476448BF8BDA9C38868D4D6 /* RecentOrderFormatters.swift in Sources */ = {isa = PBXBuildFile; fileRef = D2F42C3D7177187D862899AA /* RecentOrderFormatters.swift */; };
		68D393B40E051908E638236E /* ResearchNewsComponents.swift in Sources */ = {isa = PBXBuildFile; fileRef = 485604ACBF7E957661B6CC8E /* ResearchNewsComponents.swift */; };
		6FE87C706C8D4D98F20DFB5E /* ResearchExtendedSections.swift in Sources */ = {isa = PBXBuildFile; fileRef = FEC8893DEB1636724FB25C83 /* ResearchExtendedSections.swift */; };
		702D8054133852918F2BC14E /* RichMarkdownView.swift in Sources */ = {isa = PBXBuildFile; fileRef = A69F0EF20B9E8C482EFA2097 /* RichMarkdownView.swift */; };
		708092FBD3866B176CF69459 /* SettingsDestination.swift in Sources */ = {isa = PBXBuildFile; fileRef = 644CE917C9DC91431FD2D565 /* SettingsDestination.swift */; };
		7187FCBEEBA601E654158C93 /* RHLinePlotConfig.swift in Sources */ = {isa = PBXBuildFile; fileRef = 9F43081EAE9070C7C47969D0 /* RHLinePlotConfig.swift */; };
		71DCEABB842E7CF83976FE27 /* KeychainTokenStore.swift in Sources */ = {isa = PBXBuildFile; fileRef = 6199A99A9663233347FAFE5A /* KeychainTokenStore.swift */; };
		74E9CA1CB1016EF6855C38FE /* AppInAppBrowser.swift in Sources */ = {isa = PBXBuildFile; fileRef = B25AC62D6661AF2E30AFF7A7 /* AppInAppBrowser.swift */; };
		77219D17B9A8359AFB5A36FB /* GlowingIndicator.swift in Sources */ = {isa = PBXBuildFile; fileRef = 24E07A91FB2EEF2A755AD164 /* GlowingIndicator.swift */; };
		77DE72BCAB224C56C14C7E2F /* AssistantPresenter.swift in Sources */ = {isa = PBXBuildFile; fileRef = 29AA5668A5F731C1F4714B54 /* AssistantPresenter.swift */; };
		7D30D4539FFE4CF7525BB16A /* ConversationalMarkdownText.swift in Sources */ = {isa = PBXBuildFile; fileRef = 5279F4B00D0D9287A4BF24A4 /* ConversationalMarkdownText.swift */; };
		80A9DA71C7F5F6D455CC7AB1 /* SecResearchModels.swift in Sources */ = {isa = PBXBuildFile; fileRef = 41D2841BE455902FD94A16FE /* SecResearchModels.swift */; };
		84CBD7DBFA9F2FCCE9BCDA9B /* AssistantChatScreen.swift in Sources */ = {isa = PBXBuildFile; fileRef = 57108AB7ED9E2F701CE12D10 /* AssistantChatScreen.swift */; };
		85321DA2A6BBB586E5A6AA7B /* AppSegmentedTabBar.swift in Sources */ = {isa = PBXBuildFile; fileRef = DE87F0F0AD0D7297ED22F30E /* AppSegmentedTabBar.swift */; };
		8726FF914A8CA5B6098BBD1E /* StrategyFlows.swift in Sources */ = {isa = PBXBuildFile; fileRef = D18F50F1EBDE7A4E8F8E2FAC /* StrategyFlows.swift */; };
		88B3BF90EAEF5E1FA47C79D7 /* ResearchFundamentalsComponents.swift in Sources */ = {isa = PBXBuildFile; fileRef = 7981764E4F2F6278ADE708C5 /* ResearchFundamentalsComponents.swift */; };
		8A0596DBD784D5F9F553918A /* SymbolDepthViewModel.swift in Sources */ = {isa = PBXBuildFile; fileRef = 8EDECBD7FA0089B449BCCE6A /* SymbolDepthViewModel.swift */; };
		8A5438DDB46DEECCFD345694 /* ChatModelPicker.swift in Sources */ = {isa = PBXBuildFile; fileRef = 601A77F30073C67B8520BC1C /* ChatModelPicker.swift */; };
		8F0D0A88D68993A27DBDA07F /* SettingsComponents.swift in Sources */ = {isa = PBXBuildFile; fileRef = F084935B5A66C1A122711FD9 /* SettingsComponents.swift */; };
		9594A2A02BF2A12D3AA0412D /* IntelligenceModels.swift in Sources */ = {isa = PBXBuildFile; fileRef = 8E895B081A99DB55BF37C35C /* IntelligenceModels.swift */; };
		95BFFD728F1449645BAF7D52 /* SettingsService.swift in Sources */ = {isa = PBXBuildFile; fileRef = 2340213ADCB169F9EAC23961 /* SettingsService.swift */; };
		965CFFA572463C3B4BF12AC7 /* ResearchService.swift in Sources */ = {isa = PBXBuildFile; fileRef = 34B8510EAF3EAF1133A79AE3 /* ResearchService.swift */; };
		97739C34956DFCAA9B5737BD /* StreamingAPIClient.swift in Sources */ = {isa = PBXBuildFile; fileRef = 678C2D2B41F694829D72BC4B /* StreamingAPIClient.swift */; };
		98431A438F27A76D3D9BFCBF /* RHLinePlot+NotSegmented.swift in Sources */ = {isa = PBXBuildFile; fileRef = B56394B8719374B1F61CC9DB /* RHLinePlot+NotSegmented.swift */; };
		9A80C786931F3A7B4470752F /* AccountModels.swift in Sources */ = {isa = PBXBuildFile; fileRef = C87146805DB754A10EE59ABD /* AccountModels.swift */; };
		9BC44D3207BEA7E6946F90F1 /* SettingsView.swift in Sources */ = {isa = PBXBuildFile; fileRef = 45A53DA98EF9507D59EFEDF6 /* SettingsView.swift */; };
		9CD6CFDBC2C980C2C88E7084 /* ResearchQuickAccessComponents.swift in Sources */ = {isa = PBXBuildFile; fileRef = 7912EA03246E2E96AA0B83CF /* ResearchQuickAccessComponents.swift */; };
		9FD80AD570FFE22EBA154E60 /* ChatService.swift in Sources */ = {isa = PBXBuildFile; fileRef = 789BF886068AE96FE9DCEF5D /* ChatService.swift */; };
		A035F6CA7429977B09C53D74 /* IntelligenceHelpers.swift in Sources */ = {isa = PBXBuildFile; fileRef = BBD267BF2EB2C55F50BD1AAB /* IntelligenceHelpers.swift */; };
		A181E7DF10E613AEF3AF3E6E /* PortfolioModels.swift in Sources */ = {isa = PBXBuildFile; fileRef = C2FFC3B5BBEF0833B3B33DD5 /* PortfolioModels.swift */; };
		A2A74883AD83B67C28D0B9B0 /* RootView.swift in Sources */ = {isa = PBXBuildFile; fileRef = 4702E9C83A8FBEDD10E249CB /* RootView.swift */; };
		A43FFFA3A1599AFA69DF44A5 /* APIModels.swift in Sources */ = {isa = PBXBuildFile; fileRef = E602487F089A48405CF108D6 /* APIModels.swift */; };
		A4A4EC4F4CB83EE257E5537A /* PdfExportSupport.swift in Sources */ = {isa = PBXBuildFile; fileRef = 4F6857D2FE761904F809D30C /* PdfExportSupport.swift */; };
		A4EE0C975141119CE6DDAD86 /* SymbolResearchView.swift in Sources */ = {isa = PBXBuildFile; fileRef = 53BB8D1046E4B55799793F05 /* SymbolResearchView.swift */; };
		A60256102693883CC996B177 /* PortfolioDestination.swift in Sources */ = {isa = PBXBuildFile; fileRef = D61D7BC464658FFB2824699F /* PortfolioDestination.swift */; };
		A6A2C24443BBC27F02A085AC /* MarkdownText.swift in Sources */ = {isa = PBXBuildFile; fileRef = 9A8CD16BE7E6DE61B1398F5D /* MarkdownText.swift */; };
		AEA08B3E80EF3C89AD067241 /* ChatComponents.swift in Sources */ = {isa = PBXBuildFile; fileRef = ABC0483167D415EB1E9BD758 /* ChatComponents.swift */; };
		B4D290ADD6441866A1A18FB9 /* AppConfig.swift in Sources */ = {isa = PBXBuildFile; fileRef = D31DC09AD9444E97DEC6FF73 /* AppConfig.swift */; };
		BC4E510DA40867B4BD91AFAC /* AccountContext.swift in Sources */ = {isa = PBXBuildFile; fileRef = C1DE652FC3848FA04474BE91 /* AccountContext.swift */; };
		BC58D62C8C88BF9B493DB74F /* StockChartModels.swift in Sources */ = {isa = PBXBuildFile; fileRef = 9157847D2B170E24EB95141F /* StockChartModels.swift */; };
		BC8C745B75A50BFFC2FE0479 /* PortfolioView.swift in Sources */ = {isa = PBXBuildFile; fileRef = 5820C4BCB31919DE292FDCCE /* PortfolioView.swift */; };
		BCDBEB62F08E9324E81520B9 /* StrategyPlaybookHelpers.swift in Sources */ = {isa = PBXBuildFile; fileRef = 67FD9D9FF486F0AE5CF74DE9 /* StrategyPlaybookHelpers.swift */; };
		BD0A59EF10FF13AB64D7AF68 /* ResearchTabBar.swift in Sources */ = {isa = PBXBuildFile; fileRef = A39BC11142DA243292ACD08B /* ResearchTabBar.swift */; };
		BF851FFECD297D9A5E053CB8 /* OnboardingComponents.swift in Sources */ = {isa = PBXBuildFile; fileRef = 41FAC74FDAD148A81196237F /* OnboardingComponents.swift */; };
		C895874005685C3211DAE98E /* PortfolioDetailScreens.swift in Sources */ = {isa = PBXBuildFile; fileRef = 361CF8ED53FFE0FE749B29D8 /* PortfolioDetailScreens.swift */; };
		CC027238F64C3A7048BBE78D /* GoogleSignIn in Frameworks */ = {isa = PBXBuildFile; productRef = F095CC3DA398A8E9D0975A8C /* GoogleSignIn */; };
		CDA6B62EF19EC68DE34217C0 /* AppTypography.swift in Sources */ = {isa = PBXBuildFile; fileRef = 6531A9C34F7B2D395774E465 /* AppTypography.swift */; };
		CE177BFF154AEB04A3EA13D4 /* PortfolioActivityComponents.swift in Sources */ = {isa = PBXBuildFile; fileRef = AA3B874639ACAD7FD21FE721 /* PortfolioActivityComponents.swift */; };
		CE3BDEF61437D93BBF16ACA1 /* AboutSettingsScreen.swift in Sources */ = {isa = PBXBuildFile; fileRef = 4E8DAA587AE2824C34540E90 /* AboutSettingsScreen.swift */; };
		D02B5BC82DB98556B7B1E277 /* AppPreview.swift in Sources */ = {isa = PBXBuildFile; fileRef = 5B27AB6DBA37F68BD4A7FF3C /* AppPreview.swift */; };
		D1EDF95AFFA5C3D8BAF54D67 /* PortfolioChatPanel.swift in Sources */ = {isa = PBXBuildFile; fileRef = 6DC04A37CDB93D2C01043898 /* PortfolioChatPanel.swift */; };
		D1FBD2C51C3BAB70CCBFC25E /* StrategyJourneyCard.swift in Sources */ = {isa = PBXBuildFile; fileRef = 39C98136DDC0FC825197FA9E /* StrategyJourneyCard.swift */; };
		D4CDB2CB7EA2B083DEB645BD /* AppComponents.swift in Sources */ = {isa = PBXBuildFile; fileRef = 00D56FBBFFC207C9953EFB01 /* AppComponents.swift */; };
		D6DF2E241EE76BE13FDB6DC8 /* Assets.xcassets in Resources */ = {isa = PBXBuildFile; fileRef = 5846B37CAF738D6B5CE3F79B /* Assets.xcassets */; };
		D6F19B638C976FDA12C0C661 /* Formatters.swift in Sources */ = {isa = PBXBuildFile; fileRef = AAA88E6C9388E2B1D2E7FCA4 /* Formatters.swift */; };
		D70B81D9F36A3FE6A2229F53 /* LinePlotValueStick.swift in Sources */ = {isa = PBXBuildFile; fileRef = AD0546C0B2650D738FB0CF2C /* LinePlotValueStick.swift */; };
		D7C25817A4B2A10175170FB5 /* Layout.swift in Sources */ = {isa = PBXBuildFile; fileRef = 0B4E51679AD145781E7794F3 /* Layout.swift */; };
		D7F740EE773E71AC8EA76D07 /* ResearchOverviewExtended.swift in Sources */ = {isa = PBXBuildFile; fileRef = E538CE475AB22DE15657A7AA /* ResearchOverviewExtended.swift */; };
		D9AD758A5E7AC712A2705C2D /* SignInView.swift in Sources */ = {isa = PBXBuildFile; fileRef = 3D124937BEE709A3D15A2395 /* SignInView.swift */; };
		DAC4AEA95BB85849E1FAB8CB /* ResearchDepthModels.swift in Sources */ = {isa = PBXBuildFile; fileRef = BF494C38DB50B58E7FA5AABC /* ResearchDepthModels.swift */; };
		DACD6EE21B4625A0A1B95C16 /* StrategyModels.swift in Sources */ = {isa = PBXBuildFile; fileRef = 589644A9594E9690BFA74AF0 /* StrategyModels.swift */; };
		DD49B44789AA690829F81C98 /* StrategyStockScreenerView.swift in Sources */ = {isa = PBXBuildFile; fileRef = 6D57530770A660777D33892B /* StrategyStockScreenerView.swift */; };
		DD83B2C97A3630D9580FA931 /* NewsAnalyticsModels.swift in Sources */ = {isa = PBXBuildFile; fileRef = B13D7D516E06FA028D05365D /* NewsAnalyticsModels.swift */; };
		DD951AC0B31E64ED97EBB1B1 /* WheelBacktestModels.swift in Sources */ = {isa = PBXBuildFile; fileRef = C919238E6D2E240857FDFB35 /* WheelBacktestModels.swift */; };
		DE3AFA98A25394C994687B58 /* AuthSession.swift in Sources */ = {isa = PBXBuildFile; fileRef = C93FE282066AE69118409A0C /* AuthSession.swift */; };
		E11EE29B2EA051338B14ACAA /* SettingsViewModel.swift in Sources */ = {isa = PBXBuildFile; fileRef = 97AE132548425F9A2A96F97C /* SettingsViewModel.swift */; };
		E16E791CABCFE8907FBA3EB4 /* AuthModels.swift in Sources */ = {isa = PBXBuildFile; fileRef = 1DD45D3F0C2E8473DBA8D2B8 /* AuthModels.swift */; };
		E2ECB11A9C911B3D63314327 /* MarkdownBlockParser.swift in Sources */ = {isa = PBXBuildFile; fileRef = 6ADAB28644CF1BC0A5A355F5 /* MarkdownBlockParser.swift */; };
		E6E5E7AB67A671E1103EB74D /* GoogleSignInCoordinator.swift in Sources */ = {isa = PBXBuildFile; fileRef = 631B6DDF0B43758082EB3A46 /* GoogleSignInCoordinator.swift */; };
		E97F1FC6A75D55CB85A5CA80 /* StrategyOnboardingWizard.swift in Sources */ = {isa = PBXBuildFile; fileRef = F8D97015C24BC712031AA10E /* StrategyOnboardingWizard.swift */; };
		E9A03D77A7C3ECA52147034F /* WheelBacktestExtendedViews.swift in Sources */ = {isa = PBXBuildFile; fileRef = 2BEE4D981C233044652FF2F7 /* WheelBacktestExtendedViews.swift */; };
		EB18FDD9E0CBA3686A8FF1A7 /* ChatHistoryModels.swift in Sources */ = {isa = PBXBuildFile; fileRef = 04892852768CEFAD4FBA4CD5 /* ChatHistoryModels.swift */; };
		ED0E62E7DFAD4F7F7C59C569 /* AppScreenShell.swift in Sources */ = {isa = PBXBuildFile; fileRef = A67F697687A71BC22377C752 /* AppScreenShell.swift */; };
		EF6BFD9AD628D72DF421027C /* FloatingAssistantButton.swift in Sources */ = {isa = PBXBuildFile; fileRef = 3C5FDEE013F469D0988784E6 /* FloatingAssistantButton.swift */; };
		EFB5B5F68785C84539204E71 /* ResearchDepthTabViews.swift in Sources */ = {isa = PBXBuildFile; fileRef = 71AC1879AABF6DAB8563AF02 /* ResearchDepthTabViews.swift */; };
		F03D08600526973151353D3A /* StrategyPlaybookComponents.swift in Sources */ = {isa = PBXBuildFile; fileRef = C64F707EE8641127256A1507 /* StrategyPlaybookComponents.swift */; };
		F0D40091BB3F7AD1FF76D9C4 /* AppSectionHeader.swift in Sources */ = {isa = PBXBuildFile; fileRef = 0100E75ED2C70F0DE6042E2C /* AppSectionHeader.swift */; };
		F0F02587E4CE7D6603B3B352 /* ResearchModels.swift in Sources */ = {isa = PBXBuildFile; fileRef = 3F3C5456ABAFEB40AF9D358E /* ResearchModels.swift */; };
		F0F5B8A7D6E473A1400631C7 /* PortfolioComponents.swift in Sources */ = {isa = PBXBuildFile; fileRef = 5A4B7E0719E26DF2A730210E /* PortfolioComponents.swift */; };
		F142665D08D37659CB39346D /* StrategySettingsScreen.swift in Sources */ = {isa = PBXBuildFile; fileRef = 0F18AEC4D6A6D057B8949879 /* StrategySettingsScreen.swift */; };
		F3808F5F7B7B1A0A3FEB3F7D /* PortfolioDashboardComponents.swift in Sources */ = {isa = PBXBuildFile; fileRef = B6D9B7488577CD1BA00CF8BF /* PortfolioDashboardComponents.swift */; };
		F44BCF05384E6A789B23ED88 /* PortfolioService.swift in Sources */ = {isa = PBXBuildFile; fileRef = B4BB850DE87618BD225F52B6 /* PortfolioService.swift */; };
		F793B0C25DD5215BA233D127 /* PortfolioViewModel.swift in Sources */ = {isa = PBXBuildFile; fileRef = D863CB5166F2200AED0CD0C0 /* PortfolioViewModel.swift */; };
		F7CA7F03F3D79F492828A5EC /* APIError.swift in Sources */ = {isa = PBXBuildFile; fileRef = 6A68EF49C2EB785586CD82B5 /* APIError.swift */; };
		F89C7461454B080E19B0D1E3 /* BrokerageSettingsScreen.swift in Sources */ = {isa = PBXBuildFile; fileRef = C382189D3CD9BDD3685F8583 /* BrokerageSettingsScreen.swift */; };
		F926705DBBECA39BAD6CB132 /* AppPanels.swift in Sources */ = {isa = PBXBuildFile; fileRef = 93DAC7ED0864B83CC74FB58D /* AppPanels.swift */; };
		FA4196BD364D08A127CCC7D5 /* StrategyService.swift in Sources */ = {isa = PBXBuildFile; fileRef = 78AA1E797ADD3849B5EC6425 /* StrategyService.swift */; };
		FBA669CBEF1CB17C3C2AEA56 /* SettingsListStyle.swift in Sources */ = {isa = PBXBuildFile; fileRef = FE9E6AD3334C38153ED17A7F /* SettingsListStyle.swift */; };
/* End PBXBuildFile section */

/* Begin PBXFileReference section */
		00D56FBBFFC207C9953EFB01 /* AppComponents.swift */ = {isa = PBXFileReference; lastKnownFileType = sourcecode.swift; path = AppComponents.swift; sourceTree = "<group>"; };
		0100E75ED2C70F0DE6042E2C /* AppSectionHeader.swift */ = {isa = PBXFileReference; lastKnownFileType = sourcecode.swift; path = AppSectionHeader.swift; sourceTree = "<group>"; };
		04892852768CEFAD4FBA4CD5 /* ChatHistoryModels.swift */ = {isa = PBXFileReference; lastKnownFileType = sourcecode.swift; path = ChatHistoryModels.swift; sourceTree = "<group>"; };
		089351FDBA4E2E58F33A3247 /* OnboardingStorage.swift */ = {isa = PBXFileReference; lastKnownFileType = sourcecode.swift; path = OnboardingStorage.swift; sourceTree = "<group>"; };
		0B4E51679AD145781E7794F3 /* Layout.swift */ = {isa = PBXFileReference; lastKnownFileType = sourcecode.swift; path = Layout.swift; sourceTree = "<group>"; };
		0F18AEC4D6A6D057B8949879 /* StrategySettingsScreen.swift */ = {isa = PBXFileReference; lastKnownFileType = sourcecode.swift; path = StrategySettingsScreen.swift; sourceTree = "<group>"; };
		138EC5E42BCE4AE458C46744 /* LICENSE */ = {isa = PBXFileReference; path = LICENSE; sourceTree = "<group>"; };
		13FCA6420633BB5D44B6B041 /* StructuredAnalysisView.swift */ = {isa = PBXFileReference; lastKnownFileType = sourcecode.swift; path = StructuredAnalysisView.swift; sourceTree = "<group>"; };
		1697CBEF68C64E17FD159B09 /* SchwabOAuthCoordinator.swift */ = {isa = PBXFileReference; lastKnownFileType = sourcecode.swift; path = SchwabOAuthCoordinator.swift; sourceTree = "<group>"; };
		17C5FF5E4B24A4259FAAB0E4 /* ChatModels.swift */ = {isa = PBXFileReference; lastKnownFileType = sourcecode.swift; path = ChatModels.swift; sourceTree = "<group>"; };
		188C7077D6C3FD981D69FF99 /* NotificationNames.swift */ = {isa = PBXFileReference; lastKnownFileType = sourcecode.swift; path = NotificationNames.swift; sourceTree = "<group>"; };
		18E39CD0191BE87D771C3652 /* BusinessModels.swift */ = {isa = PBXFileReference; lastKnownFileType = sourcecode.swift; path = BusinessModels.swift; sourceTree = "<group>"; };
		1DD45D3F0C2E8473DBA8D2B8 /* AuthModels.swift */ = {isa = PBXFileReference; lastKnownFileType = sourcecode.swift; path = AuthModels.swift; sourceTree = "<group>"; };
		2340213ADCB169F9EAC23961 /* SettingsService.swift */ = {isa = PBXFileReference; lastKnownFileType = sourcecode.swift; path = SettingsService.swift; sourceTree = "<group>"; };
		24E07A91FB2EEF2A755AD164 /* GlowingIndicator.swift */ = {isa = PBXFileReference; lastKnownFileType = sourcecode.swift; path = GlowingIndicator.swift; sourceTree = "<group>"; };
		29AA5668A5F731C1F4714B54 /* AssistantPresenter.swift */ = {isa = PBXFileReference; lastKnownFileType = sourcecode.swift; path = AssistantPresenter.swift; sourceTree = "<group>"; };
		2BEE4D981C233044652FF2F7 /* WheelBacktestExtendedViews.swift */ = {isa = PBXFileReference; lastKnownFileType = sourcecode.swift; path = WheelBacktestExtendedViews.swift; sourceTree = "<group>"; };
		2E54051E5CFFAB9ABC412D36 /* ResearchSymbolStorage.swift */ = {isa = PBXFileReference; lastKnownFileType = sourcecode.swift; path = ResearchSymbolStorage.swift; sourceTree = "<group>"; };
		2F7D42BB285D3287FD44230C /* ResearchOverviewComponents.swift */ = {isa = PBXFileReference; lastKnownFileType = sourcecode.swift; path = ResearchOverviewComponents.swift; sourceTree = "<group>"; };
		33C53B74F582293140C8F34D /* RHLinePlot.swift */ = {isa = PBXFileReference; lastKnownFileType = sourcecode.swift; path = RHLinePlot.swift; sourceTree = "<group>"; };
		34B8510EAF3EAF1133A79AE3 /* ResearchService.swift */ = {isa = PBXFileReference; lastKnownFileType = sourcecode.swift; path = ResearchService.swift; sourceTree = "<group>"; };
		361CF8ED53FFE0FE749B29D8 /* PortfolioDetailScreens.swift */ = {isa = PBXFileReference; lastKnownFileType = sourcecode.swift; path = PortfolioDetailScreens.swift; sourceTree = "<group>"; };
		37034DEFE43B38FF91FE02F2 /* StrategyFlowComponents.swift */ = {isa = PBXFileReference; lastKnownFileType = sourcecode.swift; path = StrategyFlowComponents.swift; sourceTree = "<group>"; };
		378E0D8F9FBDA8FEBBCCBFB0 /* APIClient.swift */ = {isa = PBXFileReference; lastKnownFileType = sourcecode.swift; path = APIClient.swift; sourceTree = "<group>"; };
		39C98136DDC0FC825197FA9E /* StrategyJourneyCard.swift */ = {isa = PBXFileReference; lastKnownFileType = sourcecode.swift; path = StrategyJourneyCard.swift; sourceTree = "<group>"; };
		3C5FDEE013F469D0988784E6 /* FloatingAssistantButton.swift */ = {isa = PBXFileReference; lastKnownFileType = sourcecode.swift; path = FloatingAssistantButton.swift; sourceTree = "<group>"; };
		3D124937BEE709A3D15A2395 /* SignInView.swift */ = {isa = PBXFileReference; lastKnownFileType = sourcecode.swift; path = SignInView.swift; sourceTree = "<group>"; };
		3F3C5456ABAFEB40AF9D358E /* ResearchModels.swift */ = {isa = PBXFileReference; lastKnownFileType = sourcecode.swift; path = ResearchModels.swift; sourceTree = "<group>"; };
		41D2841BE455902FD94A16FE /* SecResearchModels.swift */ = {isa = PBXFileReference; lastKnownFileType = sourcecode.swift; path = SecResearchModels.swift; sourceTree = "<group>"; };
		41FAC74FDAD148A81196237F /* OnboardingComponents.swift */ = {isa = PBXFileReference; lastKnownFileType = sourcecode.swift; path = OnboardingComponents.swift; sourceTree = "<group>"; };
		45A53DA98EF9507D59EFEDF6 /* SettingsView.swift */ = {isa = PBXFileReference; lastKnownFileType = sourcecode.swift; path = SettingsView.swift; sourceTree = "<group>"; };
		46C7E07887888E724D087D1F /* RHInteractiveLinePlot.swift */ = {isa = PBXFileReference; lastKnownFileType = sourcecode.swift; path = RHInteractiveLinePlot.swift; sourceTree = "<group>"; };
		4702E9C83A8FBEDD10E249CB /* RootView.swift */ = {isa = PBXFileReference; lastKnownFileType = sourcecode.swift; path = RootView.swift; sourceTree = "<group>"; };
		485604ACBF7E957661B6CC8E /* ResearchNewsComponents.swift */ = {isa = PBXFileReference; lastKnownFileType = sourcecode.swift; path = ResearchNewsComponents.swift; sourceTree = "<group>"; };
		4B20D45BBE945CE64E04DECA /* SymbolPositionViewModel.swift */ = {isa = PBXFileReference; lastKnownFileType = sourcecode.swift; path = SymbolPositionViewModel.swift; sourceTree = "<group>"; };
		4D114FAE5DFFFD58359EDB0C /* Info.plist */ = {isa = PBXFileReference; lastKnownFileType = text.plist; path = Info.plist; sourceTree = "<group>"; };
		4E8DAA587AE2824C34540E90 /* AboutSettingsScreen.swift */ = {isa = PBXFileReference; lastKnownFileType = sourcecode.swift; path = AboutSettingsScreen.swift; sourceTree = "<group>"; };
		4F6857D2FE761904F809D30C /* PdfExportSupport.swift */ = {isa = PBXFileReference; lastKnownFileType = sourcecode.swift; path = PdfExportSupport.swift; sourceTree = "<group>"; };
		5279F4B00D0D9287A4BF24A4 /* ConversationalMarkdownText.swift */ = {isa = PBXFileReference; lastKnownFileType = sourcecode.swift; path = ConversationalMarkdownText.swift; sourceTree = "<group>"; };
		5325426B7882B9B13388D705 /* FundamentalMetricGroups.swift */ = {isa = PBXFileReference; lastKnownFileType = sourcecode.swift; path = FundamentalMetricGroups.swift; sourceTree = "<group>"; };
		536DB0E375E94676910F3EC9 /* MainTabView.swift */ = {isa = PBXFileReference; lastKnownFileType = sourcecode.swift; path = MainTabView.swift; sourceTree = "<group>"; };
		53BB8D1046E4B55799793F05 /* SymbolResearchView.swift */ = {isa = PBXFileReference; lastKnownFileType = sourcecode.swift; path = SymbolResearchView.swift; sourceTree = "<group>"; };
		55232C90C6EC1B73C4F317D0 /* ResearchExtendedTabs.swift */ = {isa = PBXFileReference; lastKnownFileType = sourcecode.swift; path = ResearchExtendedTabs.swift; sourceTree = "<group>"; };
		57108AB7ED9E2F701CE12D10 /* AssistantChatScreen.swift */ = {isa = PBXFileReference; lastKnownFileType = sourcecode.swift; path = AssistantChatScreen.swift; sourceTree = "<group>"; };
		5820C4BCB31919DE292FDCCE /* PortfolioView.swift */ = {isa = PBXFileReference; lastKnownFileType = sourcecode.swift; path = PortfolioView.swift; sourceTree = "<group>"; };
		5846B37CAF738D6B5CE3F79B /* Assets.xcassets */ = {isa = PBXFileReference; lastKnownFileType = folder.assetcatalog; path = Assets.xcassets; sourceTree = "<group>"; };
		589644A9594E9690BFA74AF0 /* StrategyModels.swift */ = {isa = PBXFileReference; lastKnownFileType = sourcecode.swift; path = StrategyModels.swift; sourceTree = "<group>"; };
		5A4B7E0719E26DF2A730210E /* PortfolioComponents.swift */ = {isa = PBXFileReference; lastKnownFileType = sourcecode.swift; path = PortfolioComponents.swift; sourceTree = "<group>"; };
		5B27AB6DBA37F68BD4A7FF3C /* AppPreview.swift */ = {isa = PBXFileReference; lastKnownFileType = sourcecode.swift; path = AppPreview.swift; sourceTree = "<group>"; };
		5D8469A8AB52529EDD6CE980 /* StrategyScreenerModels.swift */ = {isa = PBXFileReference; lastKnownFileType = sourcecode.swift; path = StrategyScreenerModels.swift; sourceTree = "<group>"; };
		601A77F30073C67B8520BC1C /* ChatModelPicker.swift */ = {isa = PBXFileReference; lastKnownFileType = sourcecode.swift; path = ChatModelPicker.swift; sourceTree = "<group>"; };
		6199A99A9663233347FAFE5A /* KeychainTokenStore.swift */ = {isa = PBXFileReference; lastKnownFileType = sourcecode.swift; path = KeychainTokenStore.swift; sourceTree = "<group>"; };
		631B6DDF0B43758082EB3A46 /* GoogleSignInCoordinator.swift */ = {isa = PBXFileReference; lastKnownFileType = sourcecode.swift; path = GoogleSignInCoordinator.swift; sourceTree = "<group>"; };
		644CE917C9DC91431FD2D565 /* SettingsDestination.swift */ = {isa = PBXFileReference; lastKnownFileType = sourcecode.swift; path = SettingsDestination.swift; sourceTree = "<group>"; };
		652A6129B7ECA7E5C9EE394D /* OptionsRiskModels.swift */ = {isa = PBXFileReference; lastKnownFileType = sourcecode.swift; path = OptionsRiskModels.swift; sourceTree = "<group>"; };
		6531A9C34F7B2D395774E465 /* AppTypography.swift */ = {isa = PBXFileReference; lastKnownFileType = sourcecode.swift; path = AppTypography.swift; sourceTree = "<group>"; };
		678C2D2B41F694829D72BC4B /* StreamingAPIClient.swift */ = {isa = PBXFileReference; lastKnownFileType = sourcecode.swift; path = StreamingAPIClient.swift; sourceTree = "<group>"; };
		67FD9D9FF486F0AE5CF74DE9 /* StrategyPlaybookHelpers.swift */ = {isa = PBXFileReference; lastKnownFileType = sourcecode.swift; path = StrategyPlaybookHelpers.swift; sourceTree = "<group>"; };
		68D51E9CDB8C1BE024A2559B /* SymbolOverviewView.swift */ = {isa = PBXFileReference; lastKnownFileType = sourcecode.swift; path = SymbolOverviewView.swift; sourceTree = "<group>"; };
		6A68EF49C2EB785586CD82B5 /* APIError.swift */ = {isa = PBXFileReference; lastKnownFileType = sourcecode.swift; path = APIError.swift; sourceTree = "<group>"; };
		6ADAB28644CF1BC0A5A355F5 /* MarkdownBlockParser.swift */ = {isa = PBXFileReference; lastKnownFileType = sourcecode.swift; path = MarkdownBlockParser.swift; sourceTree = "<group>"; };
		6D42AB469E65002E4C63E5CD /* ChatFollowUpSuggestions.swift */ = {isa = PBXFileReference; lastKnownFileType = sourcecode.swift; path = ChatFollowUpSuggestions.swift; sourceTree = "<group>"; };
		6D57530770A660777D33892B /* StrategyStockScreenerView.swift */ = {isa = PBXFileReference; lastKnownFileType = sourcecode.swift; path = StrategyStockScreenerView.swift; sourceTree = "<group>"; };
		6DC04A37CDB93D2C01043898 /* PortfolioChatPanel.swift */ = {isa = PBXFileReference; lastKnownFileType = sourcecode.swift; path = PortfolioChatPanel.swift; sourceTree = "<group>"; };
		71AC1879AABF6DAB8563AF02 /* ResearchDepthTabViews.swift */ = {isa = PBXFileReference; lastKnownFileType = sourcecode.swift; path = ResearchDepthTabViews.swift; sourceTree = "<group>"; };
		72CA4A5F1E51BCD66EC23681 /* StructuredAnalysisSupport.swift */ = {isa = PBXFileReference; lastKnownFileType = sourcecode.swift; path = StructuredAnalysisSupport.swift; sourceTree = "<group>"; };
		766BF02D160F584432DB4203 /* InteractiveCharts.swift */ = {isa = PBXFileReference; lastKnownFileType = sourcecode.swift; path = InteractiveCharts.swift; sourceTree = "<group>"; };
		789BF886068AE96FE9DCEF5D /* ChatService.swift */ = {isa = PBXFileReference; lastKnownFileType = sourcecode.swift; path = ChatService.swift; sourceTree = "<group>"; };
		78AA1E797ADD3849B5EC6425 /* StrategyService.swift */ = {isa = PBXFileReference; lastKnownFileType = sourcecode.swift; path = StrategyService.swift; sourceTree = "<group>"; };
		7912EA03246E2E96AA0B83CF /* ResearchQuickAccessComponents.swift */ = {isa = PBXFileReference; lastKnownFileType = sourcecode.swift; path = ResearchQuickAccessComponents.swift; sourceTree = "<group>"; };
		7981764E4F2F6278ADE708C5 /* ResearchFundamentalsComponents.swift */ = {isa = PBXFileReference; lastKnownFileType = sourcecode.swift; path = ResearchFundamentalsComponents.swift; sourceTree = "<group>"; };
		7B3B6C7CF672616FAF79C7FB /* ResearchView.swift */ = {isa = PBXFileReference; lastKnownFileType = sourcecode.swift; path = ResearchView.swift; sourceTree = "<group>"; };
		85DD00223176FDA0618D1B79 /* ResearchAssistantSheet.swift */ = {isa = PBXFileReference; lastKnownFileType = sourcecode.swift; path = ResearchAssistantSheet.swift; sourceTree = "<group>"; };
		85EC97728F1993387989923A /* PressAndHorizontalDragGesture.swift */ = {isa = PBXFileReference; lastKnownFileType = sourcecode.swift; path = PressAndHorizontalDragGesture.swift; sourceTree = "<group>"; };
		88F10CD8777A91B62DEE3729 /* ConversationalContentFormatting.swift */ = {isa = PBXFileReference; lastKnownFileType = sourcecode.swift; path = ConversationalContentFormatting.swift; sourceTree = "<group>"; };
		89DE7F43425C8D390A939AAA /* Tomcrest.app */ = {isa = PBXFileReference; includeInIndex = 0; lastKnownFileType = wrapper.application; path = Tomcrest.app; sourceTree = BUILT_PRODUCTS_DIR; };
		8CAF69CE630520F776B851F3 /* AnalysisModels.swift */ = {isa = PBXFileReference; lastKnownFileType = sourcecode.swift; path = AnalysisModels.swift; sourceTree = "<group>"; };
		8DCF22399EA739788C7300FC /* TomcrestApp.swift */ = {isa = PBXFileReference; lastKnownFileType = sourcecode.swift; path = TomcrestApp.swift; sourceTree = "<group>"; };
		8E895B081A99DB55BF37C35C /* IntelligenceModels.swift */ = {isa = PBXFileReference; lastKnownFileType = sourcecode.swift; path = IntelligenceModels.swift; sourceTree = "<group>"; };
		8EDECBD7FA0089B449BCCE6A /* SymbolDepthViewModel.swift */ = {isa = PBXFileReference; lastKnownFileType = sourcecode.swift; path = SymbolDepthViewModel.swift; sourceTree = "<group>"; };
		9157847D2B170E24EB95141F /* StockChartModels.swift */ = {isa = PBXFileReference; lastKnownFileType = sourcecode.swift; path = StockChartModels.swift; sourceTree = "<group>"; };
		93DAC7ED0864B83CC74FB58D /* AppPanels.swift */ = {isa = PBXFileReference; lastKnownFileType = sourcecode.swift; path = AppPanels.swift; sourceTree = "<group>"; };
		95D58779A1C15248AF2B5AD4 /* JSONPassThrough.swift */ = {isa = PBXFileReference; lastKnownFileType = sourcecode.swift; path = JSONPassThrough.swift; sourceTree = "<group>"; };
		97AE132548425F9A2A96F97C /* SettingsViewModel.swift */ = {isa = PBXFileReference; lastKnownFileType = sourcecode.swift; path = SettingsViewModel.swift; sourceTree = "<group>"; };
		9952646BAFBB92A38F812F53 /* ResearchChatPanel.swift */ = {isa = PBXFileReference; lastKnownFileType = sourcecode.swift; path = ResearchChatPanel.swift; sourceTree = "<group>"; };
		9A8CD16BE7E6DE61B1398F5D /* MarkdownText.swift */ = {isa = PBXFileReference; lastKnownFileType = sourcecode.swift; path = MarkdownText.swift; sourceTree = "<group>"; };
		9CB203E3C212BF37629FB1C2 /* PortfolioAssistantSheet.swift */ = {isa = PBXFileReference; lastKnownFileType = sourcecode.swift; path = PortfolioAssistantSheet.swift; sourceTree = "<group>"; };
		9D58552F4370A96DA7EE3A0A /* RHLinePlot+Segmented.swift */ = {isa = PBXFileReference; lastKnownFileType = sourcecode.swift; path = "RHLinePlot+Segmented.swift"; sourceTree = "<group>"; };
		9F43081EAE9070C7C47969D0 /* RHLinePlotConfig.swift */ = {isa = PBXFileReference; lastKnownFileType = sourcecode.swift; path = RHLinePlotConfig.swift; sourceTree = "<group>"; };
		9F488810FC54D310EAA5E582 /* SettingsLoadingView.swift */ = {isa = PBXFileReference; lastKnownFileType = sourcecode.swift; path = SettingsLoadingView.swift; sourceTree = "<group>"; };
		A015EB22C602C5345CCFB646 /* DesignTokens.swift */ = {isa = PBXFileReference; lastKnownFileType = sourcecode.swift; path = DesignTokens.swift; sourceTree = "<group>"; };
		A233D5D6226CF735F473D173 /* ResearchTab.swift */ = {isa = PBXFileReference; lastKnownFileType = sourcecode.swift; path = ResearchTab.swift; sourceTree = "<group>"; };
		A39BC11142DA243292ACD08B /* ResearchTabBar.swift */ = {isa = PBXFileReference; lastKnownFileType = sourcecode.swift; path = ResearchTabBar.swift; sourceTree = "<group>"; };
		A3CC047ED52D48648DEB73FA /* AppChrome.swift */ = {isa = PBXFileReference; lastKnownFileType = sourcecode.swift; path = AppChrome.swift; sourceTree = "<group>"; };
		A67F697687A71BC22377C752 /* AppScreenShell.swift */ = {isa = PBXFileReference; lastKnownFileType = sourcecode.swift; path = AppScreenShell.swift; sourceTree = "<group>"; };
		A69F0EF20B9E8C482EFA2097 /* RichMarkdownView.swift */ = {isa = PBXFileReference; lastKnownFileType = sourcecode.swift; path = RichMarkdownView.swift; sourceTree = "<group>"; };
		AA3B874639ACAD7FD21FE721 /* PortfolioActivityComponents.swift */ = {isa = PBXFileReference; lastKnownFileType = sourcecode.swift; path = PortfolioActivityComponents.swift; sourceTree = "<group>"; };
		AAA88E6C9388E2B1D2E7FCA4 /* Formatters.swift */ = {isa = PBXFileReference; lastKnownFileType = sourcecode.swift; path = Formatters.swift; sourceTree = "<group>"; };
		AAF1372236CA83878E7A4921 /* SymbolAnalysisComponents.swift */ = {isa = PBXFileReference; lastKnownFileType = sourcecode.swift; path = SymbolAnalysisComponents.swift; sourceTree = "<group>"; };
		ABC0483167D415EB1E9BD758 /* ChatComponents.swift */ = {isa = PBXFileReference; lastKnownFileType = sourcecode.swift; path = ChatComponents.swift; sourceTree = "<group>"; };
		AD0546C0B2650D738FB0CF2C /* LinePlotValueStick.swift */ = {isa = PBXFileReference; lastKnownFileType = sourcecode.swift; path = LinePlotValueStick.swift; sourceTree = "<group>"; };
		AEA479CA24F0FF3F8389855B /* ResearchViewModel.swift */ = {isa = PBXFileReference; lastKnownFileType = sourcecode.swift; path = ResearchViewModel.swift; sourceTree = "<group>"; };
		B13D7D516E06FA028D05365D /* NewsAnalyticsModels.swift */ = {isa = PBXFileReference; lastKnownFileType = sourcecode.swift; path = NewsAnalyticsModels.swift; sourceTree = "<group>"; };
		B14B50A5C9C4C9119FBF2341 /* PortfolioHoldingsComponents.swift */ = {isa = PBXFileReference; lastKnownFileType = sourcecode.swift; path = PortfolioHoldingsComponents.swift; sourceTree = "<group>"; };
		B25AC62D6661AF2E30AFF7A7 /* AppInAppBrowser.swift */ = {isa = PBXFileReference; lastKnownFileType = sourcecode.swift; path = AppInAppBrowser.swift; sourceTree = "<group>"; };
		B4BB850DE87618BD225F52B6 /* PortfolioService.swift */ = {isa = PBXFileReference; lastKnownFileType = sourcecode.swift; path = PortfolioService.swift; sourceTree = "<group>"; };
		B56394B8719374B1F61CC9DB /* RHLinePlot+NotSegmented.swift */ = {isa = PBXFileReference; lastKnownFileType = sourcecode.swift; path = "RHLinePlot+NotSegmented.swift"; sourceTree = "<group>"; };
		B6D9B7488577CD1BA00CF8BF /* PortfolioDashboardComponents.swift */ = {isa = PBXFileReference; lastKnownFileType = sourcecode.swift; path = PortfolioDashboardComponents.swift; sourceTree = "<group>"; };
		BBD267BF2EB2C55F50BD1AAB /* IntelligenceHelpers.swift */ = {isa = PBXFileReference; lastKnownFileType = sourcecode.swift; path = IntelligenceHelpers.swift; sourceTree = "<group>"; };
		BD6F171E52B6F66A7CA40D34 /* LegalSettingsScreen.swift */ = {isa = PBXFileReference; lastKnownFileType = sourcecode.swift; path = LegalSettingsScreen.swift; sourceTree = "<group>"; };
		BF494C38DB50B58E7FA5AABC /* ResearchDepthModels.swift */ = {isa = PBXFileReference; lastKnownFileType = sourcecode.swift; path = ResearchDepthModels.swift; sourceTree = "<group>"; };
		C1DE652FC3848FA04474BE91 /* AccountContext.swift */ = {isa = PBXFileReference; lastKnownFileType = sourcecode.swift; path = AccountContext.swift; sourceTree = "<group>"; };
		C2FFC3B5BBEF0833B3B33DD5 /* PortfolioModels.swift */ = {isa = PBXFileReference; lastKnownFileType = sourcecode.swift; path = PortfolioModels.swift; sourceTree = "<group>"; };
		C382189D3CD9BDD3685F8583 /* BrokerageSettingsScreen.swift */ = {isa = PBXFileReference; lastKnownFileType = sourcecode.swift; path = BrokerageSettingsScreen.swift; sourceTree = "<group>"; };
		C52A9E2ECC03CE43BFC8D9FC /* SymbolPositionComponents.swift */ = {isa = PBXFileReference; lastKnownFileType = sourcecode.swift; path = SymbolPositionComponents.swift; sourceTree = "<group>"; };
		C64F707EE8641127256A1507 /* StrategyPlaybookComponents.swift */ = {isa = PBXFileReference; lastKnownFileType = sourcecode.swift; path = StrategyPlaybookComponents.swift; sourceTree = "<group>"; };
		C87146805DB754A10EE59ABD /* AccountModels.swift */ = {isa = PBXFileReference; lastKnownFileType = sourcecode.swift; path = AccountModels.swift; sourceTree = "<group>"; };
		C919238E6D2E240857FDFB35 /* WheelBacktestModels.swift */ = {isa = PBXFileReference; lastKnownFileType = sourcecode.swift; path = WheelBacktestModels.swift; sourceTree = "<group>"; };
		C93FE282066AE69118409A0C /* AuthSession.swift */ = {isa = PBXFileReference; lastKnownFileType = sourcecode.swift; path = AuthSession.swift; sourceTree = "<group>"; };
		CDAC06A77DE8D12B57E598D2 /* Misc.swift */ = {isa = PBXFileReference; lastKnownFileType = sourcecode.swift; path = Misc.swift; sourceTree = "<group>"; };
		D18F50F1EBDE7A4E8F8E2FAC /* StrategyFlows.swift */ = {isa = PBXFileReference; lastKnownFileType = sourcecode.swift; path = StrategyFlows.swift; sourceTree = "<group>"; };
		D2F42C3D7177187D862899AA /* RecentOrderFormatters.swift */ = {isa = PBXFileReference; lastKnownFileType = sourcecode.swift; path = RecentOrderFormatters.swift; sourceTree = "<group>"; };
		D31DC09AD9444E97DEC6FF73 /* AppConfig.swift */ = {isa = PBXFileReference; lastKnownFileType = sourcecode.swift; path = AppConfig.swift; sourceTree = "<group>"; };
		D61D7BC464658FFB2824699F /* PortfolioDestination.swift */ = {isa = PBXFileReference; lastKnownFileType = sourcecode.swift; path = PortfolioDestination.swift; sourceTree = "<group>"; };
		D863CB5166F2200AED0CD0C0 /* PortfolioViewModel.swift */ = {isa = PBXFileReference; lastKnownFileType = sourcecode.swift; path = PortfolioViewModel.swift; sourceTree = "<group>"; };
		DE87F0F0AD0D7297ED22F30E /* AppSegmentedTabBar.swift */ = {isa = PBXFileReference; lastKnownFileType = sourcecode.swift; path = AppSegmentedTabBar.swift; sourceTree = "<group>"; };
		E2DEF1D4B58C9CBB697935F7 /* PortfolioAnalysisComponents.swift */ = {isa = PBXFileReference; lastKnownFileType = sourcecode.swift; path = PortfolioAnalysisComponents.swift; sourceTree = "<group>"; };
		E538CE475AB22DE15657A7AA /* ResearchOverviewExtended.swift */ = {isa = PBXFileReference; lastKnownFileType = sourcecode.swift; path = ResearchOverviewExtended.swift; sourceTree = "<group>"; };
		E602487F089A48405CF108D6 /* APIModels.swift */ = {isa = PBXFileReference; lastKnownFileType = sourcecode.swift; path = APIModels.swift; sourceTree = "<group>"; };
		EC14A291FDFEAE019DBE5329 /* StrategySymbolPlaybookStrip.swift */ = {isa = PBXFileReference; lastKnownFileType = sourcecode.swift; path = StrategySymbolPlaybookStrip.swift; sourceTree = "<group>"; };
		F084935B5A66C1A122711FD9 /* SettingsComponents.swift */ = {isa = PBXFileReference; lastKnownFileType = sourcecode.swift; path = SettingsComponents.swift; sourceTree = "<group>"; };
		F76615E0F81ED29A5CD48F49 /* AccountSettingsScreen.swift */ = {isa = PBXFileReference; lastKnownFileType = sourcecode.swift; path = AccountSettingsScreen.swift; sourceTree = "<group>"; };
		F8D97015C24BC712031AA10E /* StrategyOnboardingWizard.swift */ = {isa = PBXFileReference; lastKnownFileType = sourcecode.swift; path = StrategyOnboardingWizard.swift; sourceTree = "<group>"; };
		FE9E6AD3334C38153ED17A7F /* SettingsListStyle.swift */ = {isa = PBXFileReference; lastKnownFileType = sourcecode.swift; path = SettingsListStyle.swift; sourceTree = "<group>"; };
		FEC8893DEB1636724FB25C83 /* ResearchExtendedSections.swift */ = {isa = PBXFileReference; lastKnownFileType = sourcecode.swift; path = ResearchExtendedSections.swift; sourceTree = "<group>"; };
/* End PBXFileReference section */

/* Begin PBXFrameworksBuildPhase section */
		FE20D78B053384FB027A9F7C /* Frameworks */ = {
			isa = PBXFrameworksBuildPhase;
			buildActionMask = 2147483647;
			files = (
				CC027238F64C3A7048BBE78D /* GoogleSignIn in Frameworks */,
			);
			runOnlyForDeploymentPostprocessing = 0;
		};
/* End PBXFrameworksBuildPhase section */

/* Begin PBXGroup section */
		05D69D212935E07A57BB3253 /* Research */ = {
			isa = PBXGroup;
			children = (
				5325426B7882B9B13388D705 /* FundamentalMetricGroups.swift */,
				BBD267BF2EB2C55F50BD1AAB /* IntelligenceHelpers.swift */,
				4F6857D2FE761904F809D30C /* PdfExportSupport.swift */,
				85DD00223176FDA0618D1B79 /* ResearchAssistantSheet.swift */,
				9952646BAFBB92A38F812F53 /* ResearchChatPanel.swift */,
				71AC1879AABF6DAB8563AF02 /* ResearchDepthTabViews.swift */,
				FEC8893DEB1636724FB25C83 /* ResearchExtendedSections.swift */,
				55232C90C6EC1B73C4F317D0 /* ResearchExtendedTabs.swift */,
				7981764E4F2F6278ADE708C5 /* ResearchFundamentalsComponents.swift */,
				485604ACBF7E957661B6CC8E /* ResearchNewsComponents.swift */,
				2F7D42BB285D3287FD44230C /* ResearchOverviewComponents.swift */,
				E538CE475AB22DE15657A7AA /* ResearchOverviewExtended.swift */,
				7912EA03246E2E96AA0B83CF /* ResearchQuickAccessComponents.swift */,
				34B8510EAF3EAF1133A79AE3 /* ResearchService.swift */,
				2E54051E5CFFAB9ABC412D36 /* ResearchSymbolStorage.swift */,
				A233D5D6226CF735F473D173 /* ResearchTab.swift */,
				A39BC11142DA243292ACD08B /* ResearchTabBar.swift */,
				7B3B6C7CF672616FAF79C7FB /* ResearchView.swift */,
				AEA479CA24F0FF3F8389855B /* ResearchViewModel.swift */,
				8EDECBD7FA0089B449BCCE6A /* SymbolDepthViewModel.swift */,
				68D51E9CDB8C1BE024A2559B /* SymbolOverviewView.swift */,
				C52A9E2ECC03CE43BFC8D9FC /* SymbolPositionComponents.swift */,
				4B20D45BBE945CE64E04DECA /* SymbolPositionViewModel.swift */,
				53BB8D1046E4B55799793F05 /* SymbolResearchView.swift */,
				2BEE4D981C233044652FF2F7 /* WheelBacktestExtendedViews.swift */,
			);
			path = Research;
			sourceTree = "<group>";
		};
		07DED6CA95A338C8E0AB80B5 /* Navigation */ = {
			isa = PBXGroup;
			children = (
				B25AC62D6661AF2E30AFF7A7 /* AppInAppBrowser.swift */,
				A67F697687A71BC22377C752 /* AppScreenShell.swift */,
				DE87F0F0AD0D7297ED22F30E /* AppSegmentedTabBar.swift */,
			);
			path = Navigation;
			sourceTree = "<group>";
		};
		1A1E23AF38688FCFC49F35CA /* Portfolio */ = {
			isa = PBXGroup;
			children = (
				AA3B874639ACAD7FD21FE721 /* PortfolioActivityComponents.swift */,
				E2DEF1D4B58C9CBB697935F7 /* PortfolioAnalysisComponents.swift */,
				9CB203E3C212BF37629FB1C2 /* PortfolioAssistantSheet.swift */,
				6DC04A37CDB93D2C01043898 /* PortfolioChatPanel.swift */,
				5A4B7E0719E26DF2A730210E /* PortfolioComponents.swift */,
				B14B50A5C9C4C9119FBF2341 /* PortfolioHoldingsComponents.swift */,
				B4BB850DE87618BD225F52B6 /* PortfolioService.swift */,
				5820C4BCB31919DE292FDCCE /* PortfolioView.swift */,
				D863CB5166F2200AED0CD0C0 /* PortfolioViewModel.swift */,
				D2F42C3D7177187D862899AA /* RecentOrderFormatters.swift */,
				37034DEFE43B38FF91FE02F2 /* StrategyFlowComponents.swift */,
				D18F50F1EBDE7A4E8F8E2FAC /* StrategyFlows.swift */,
				C64F707EE8641127256A1507 /* StrategyPlaybookComponents.swift */,
				67FD9D9FF486F0AE5CF74DE9 /* StrategyPlaybookHelpers.swift */,
				EC14A291FDFEAE019DBE5329 /* StrategySymbolPlaybookStrip.swift */,
				72CA4A5F1E51BCD66EC23681 /* StructuredAnalysisSupport.swift */,
				13FCA6420633BB5D44B6B041 /* StructuredAnalysisView.swift */,
				AAF1372236CA83878E7A4921 /* SymbolAnalysisComponents.swift */,
				F1BD0BD105FFAD9D9C440DC3 /* Dashboard */,
				CBD60DCAA8B3117705FDE6E7 /* Navigation */,
				580ADF4BEE9E1300403E6328 /* Screens */,
			);
			path = Portfolio;
			sourceTree = "<group>";
		};
		3856A2BE191D5E52FA5CDE4B /* Auth */ = {
			isa = PBXGroup;
			children = (
				C93FE282066AE69118409A0C /* AuthSession.swift */,
				631B6DDF0B43758082EB3A46 /* GoogleSignInCoordinator.swift */,
				6199A99A9663233347FAFE5A /* KeychainTokenStore.swift */,
				1697CBEF68C64E17FD159B09 /* SchwabOAuthCoordinator.swift */,
			);
			path = Auth;
			sourceTree = "<group>";
		};
		4781CA79E57C64401011F1DE /* Networking */ = {
			isa = PBXGroup;
			children = (
				378E0D8F9FBDA8FEBBCCBFB0 /* APIClient.swift */,
				6A68EF49C2EB785586CD82B5 /* APIError.swift */,
				789BF886068AE96FE9DCEF5D /* ChatService.swift */,
				95D58779A1C15248AF2B5AD4 /* JSONPassThrough.swift */,
				188C7077D6C3FD981D69FF99 /* NotificationNames.swift */,
				678C2D2B41F694829D72BC4B /* StreamingAPIClient.swift */,
			);
			path = Networking;
			sourceTree = "<group>";
		};
		510EB8DE58317ADAE635F98A /* Models */ = {
			isa = PBXGroup;
			children = (
				C1DE652FC3848FA04474BE91 /* AccountContext.swift */,
				C87146805DB754A10EE59ABD /* AccountModels.swift */,
				8CAF69CE630520F776B851F3 /* AnalysisModels.swift */,
				E602487F089A48405CF108D6 /* APIModels.swift */,
				1DD45D3F0C2E8473DBA8D2B8 /* AuthModels.swift */,
				18E39CD0191BE87D771C3652 /* BusinessModels.swift */,
				04892852768CEFAD4FBA4CD5 /* ChatHistoryModels.swift */,
				17C5FF5E4B24A4259FAAB0E4 /* ChatModels.swift */,
				8E895B081A99DB55BF37C35C /* IntelligenceModels.swift */,
				B13D7D516E06FA028D05365D /* NewsAnalyticsModels.swift */,
				652A6129B7ECA7E5C9EE394D /* OptionsRiskModels.swift */,
				C2FFC3B5BBEF0833B3B33DD5 /* PortfolioModels.swift */,
				BF494C38DB50B58E7FA5AABC /* ResearchDepthModels.swift */,
				3F3C5456ABAFEB40AF9D358E /* ResearchModels.swift */,
				41D2841BE455902FD94A16FE /* SecResearchModels.swift */,
				9157847D2B170E24EB95141F /* StockChartModels.swift */,
				589644A9594E9690BFA74AF0 /* StrategyModels.swift */,
				5D8469A8AB52529EDD6CE980 /* StrategyScreenerModels.swift */,
				C919238E6D2E240857FDFB35 /* WheelBacktestModels.swift */,
			);
			path = Models;
			sourceTree = "<group>";
		};
		57F4CBE9E1D7273AC82DCD92 /* Screens */ = {
			isa = PBXGroup;
			children = (
				4E8DAA587AE2824C34540E90 /* AboutSettingsScreen.swift */,
				F76615E0F81ED29A5CD48F49 /* AccountSettingsScreen.swift */,
				C382189D3CD9BDD3685F8583 /* BrokerageSettingsScreen.swift */,
				BD6F171E52B6F66A7CA40D34 /* LegalSettingsScreen.swift */,
				0F18AEC4D6A6D057B8949879 /* StrategySettingsScreen.swift */,
			);
			path = Screens;
			sourceTree = "<group>";
		};
		580ADF4BEE9E1300403E6328 /* Screens */ = {
			isa = PBXGroup;
			children = (
				361CF8ED53FFE0FE749B29D8 /* PortfolioDetailScreens.swift */,
			);
			path = Screens;
			sourceTree = "<group>";
		};
		5F23B4587187E5C8BB9EDD81 /* Navigation */ = {
			isa = PBXGroup;
			children = (
				644CE917C9DC91431FD2D565 /* SettingsDestination.swift */,
			);
			path = Navigation;
			sourceTree = "<group>";
		};
		6B3A2E68239D4FDC34653C04 /* App */ = {
			isa = PBXGroup;
			children = (
				536DB0E375E94676910F3EC9 /* MainTabView.swift */,
				4702E9C83A8FBEDD10E249CB /* RootView.swift */,
				8DCF22399EA739788C7300FC /* TomcrestApp.swift */,
			);
			path = App;
			sourceTree = "<group>";
		};
		7BD154E041F0080549A898CA /* Components */ = {
			isa = PBXGroup;
			children = (
				FE9E6AD3334C38153ED17A7F /* SettingsListStyle.swift */,
			);
			path = Components;
			sourceTree = "<group>";
		};
		915CECD39E3699B52881899A /* DesignSystem */ = {
			isa = PBXGroup;
			children = (
				EB9055443D8ECF5A0D2CE00F /* Components */,
				FA9DDEC3F814E5D410F0630F /* Design */,
				07DED6CA95A338C8E0AB80B5 /* Navigation */,
			);
			path = DesignSystem;
			sourceTree = "<group>";
		};
		9436D7672295F3DB046D3EE8 /* Products */ = {
			isa = PBXGroup;
			children = (
				89DE7F43425C8D390A939AAA /* Tomcrest.app */,
			);
			name = Products;
			sourceTree = "<group>";
		};
		95BA511AEE7EB8F47A605F6C /* Core */ = {
			isa = PBXGroup;
			children = (
				ADAE4EAA5229E5901BAFC72B /* Assistant */,
				3856A2BE191D5E52FA5CDE4B /* Auth */,
				C03998B0F105FCB37000D9EA /* Chat */,
				DD86D8758A81F4BB84C3DBF0 /* Config */,
				510EB8DE58317ADAE635F98A /* Models */,
				4781CA79E57C64401011F1DE /* Networking */,
			);
			path = Core;
			sourceTree = "<group>";
		};
		9E8740D94D50F53C0F2C861D /* Features */ = {
			isa = PBXGroup;
			children = (
				B40F688CDD2FA5B6FDBFAE98 /* Onboarding */,
				1A1E23AF38688FCFC49F35CA /* Portfolio */,
				05D69D212935E07A57BB3253 /* Research */,
				E09C27F0400DCE512209C9E6 /* Settings */,
			);
			path = Features;
			sourceTree = "<group>";
		};
		9FA6DB1A12AA5E03DBEDEB92 /* Auth */ = {
			isa = PBXGroup;
			children = (
				3D124937BEE709A3D15A2395 /* SignInView.swift */,
			);
			path = Auth;
			sourceTree = "<group>";
		};
		A057449BDF123C968F4F3A49 = {
			isa = PBXGroup;
			children = (
				EB978A9820E364FC031F33AF /* Tomcrest */,
				9436D7672295F3DB046D3EE8 /* Products */,
			);
			sourceTree = "<group>";
		};
		ADAE4EAA5229E5901BAFC72B /* Assistant */ = {
			isa = PBXGroup;
			children = (
				29AA5668A5F731C1F4714B54 /* AssistantPresenter.swift */,
			);
			path = Assistant;
			sourceTree = "<group>";
		};
		B40F688CDD2FA5B6FDBFAE98 /* Onboarding */ = {
			isa = PBXGroup;
			children = (
				41FAC74FDAD148A81196237F /* OnboardingComponents.swift */,
				089351FDBA4E2E58F33A3247 /* OnboardingStorage.swift */,
				F8D97015C24BC712031AA10E /* StrategyOnboardingWizard.swift */,
			);
			path = Onboarding;
			sourceTree = "<group>";
		};
		C03998B0F105FCB37000D9EA /* Chat */ = {
			isa = PBXGroup;
			children = (
				6D42AB469E65002E4C63E5CD /* ChatFollowUpSuggestions.swift */,
				88F10CD8777A91B62DEE3729 /* ConversationalContentFormatting.swift */,
				6ADAB28644CF1BC0A5A355F5 /* MarkdownBlockParser.swift */,
			);
			path = Chat;
			sourceTree = "<group>";
		};
		C7EDEE8BAEDB377BFA7F3977 /* Vendor */ = {
			isa = PBXGroup;
			children = (
				DB44D58FDFA275B69A01DBE2 /* RHLinePlot */,
			);
			path = Vendor;
			sourceTree = "<group>";
		};
		C808AA8056388A2BD602D534 /* Views */ = {
			isa = PBXGroup;
			children = (
				9FA6DB1A12AA5E03DBEDEB92 /* Auth */,
			);
			path = Views;
			sourceTree = "<group>";
		};
		CBD60DCAA8B3117705FDE6E7 /* Navigation */ = {
			isa = PBXGroup;
			children = (
				D61D7BC464658FFB2824699F /* PortfolioDestination.swift */,
			);
			path = Navigation;
			sourceTree = "<group>";
		};
		DB44D58FDFA275B69A01DBE2 /* RHLinePlot */ = {
			isa = PBXGroup;
			children = (
				24E07A91FB2EEF2A755AD164 /* GlowingIndicator.swift */,
				138EC5E42BCE4AE458C46744 /* LICENSE */,
				AD0546C0B2650D738FB0CF2C /* LinePlotValueStick.swift */,
				CDAC06A77DE8D12B57E598D2 /* Misc.swift */,
				85EC97728F1993387989923A /* PressAndHorizontalDragGesture.swift */,
				46C7E07887888E724D087D1F /* RHInteractiveLinePlot.swift */,
				33C53B74F582293140C8F34D /* RHLinePlot.swift */,
				B56394B8719374B1F61CC9DB /* RHLinePlot+NotSegmented.swift */,
				9D58552F4370A96DA7EE3A0A /* RHLinePlot+Segmented.swift */,
				9F43081EAE9070C7C47969D0 /* RHLinePlotConfig.swift */,
			);
			path = RHLinePlot;
			sourceTree = "<group>";
		};
		DD86D8758A81F4BB84C3DBF0 /* Config */ = {
			isa = PBXGroup;
			children = (
				D31DC09AD9444E97DEC6FF73 /* AppConfig.swift */,
			);
			path = Config;
			sourceTree = "<group>";
		};
		E09C27F0400DCE512209C9E6 /* Settings */ = {
			isa = PBXGroup;
			children = (
				F084935B5A66C1A122711FD9 /* SettingsComponents.swift */,
				9F488810FC54D310EAA5E582 /* SettingsLoadingView.swift */,
				2340213ADCB169F9EAC23961 /* SettingsService.swift */,
				45A53DA98EF9507D59EFEDF6 /* SettingsView.swift */,
				97AE132548425F9A2A96F97C /* SettingsViewModel.swift */,
				39C98136DDC0FC825197FA9E /* StrategyJourneyCard.swift */,
				78AA1E797ADD3849B5EC6425 /* StrategyService.swift */,
				6D57530770A660777D33892B /* StrategyStockScreenerView.swift */,
				7BD154E041F0080549A898CA /* Components */,
				5F23B4587187E5C8BB9EDD81 /* Navigation */,
				57F4CBE9E1D7273AC82DCD92 /* Screens */,
			);
			path = Settings;
			sourceTree = "<group>";
		};
		EB9055443D8ECF5A0D2CE00F /* Components */ = {
			isa = PBXGroup;
			children = (
				00D56FBBFFC207C9953EFB01 /* AppComponents.swift */,
				5B27AB6DBA37F68BD4A7FF3C /* AppPreview.swift */,
				57108AB7ED9E2F701CE12D10 /* AssistantChatScreen.swift */,
				ABC0483167D415EB1E9BD758 /* ChatComponents.swift */,
				601A77F30073C67B8520BC1C /* ChatModelPicker.swift */,
				5279F4B00D0D9287A4BF24A4 /* ConversationalMarkdownText.swift */,
				3C5FDEE013F469D0988784E6 /* FloatingAssistantButton.swift */,
				AAA88E6C9388E2B1D2E7FCA4 /* Formatters.swift */,
				766BF02D160F584432DB4203 /* InteractiveCharts.swift */,
				9A8CD16BE7E6DE61B1398F5D /* MarkdownText.swift */,
				A69F0EF20B9E8C482EFA2097 /* RichMarkdownView.swift */,
			);
			path = Components;
			sourceTree = "<group>";
		};
		EB978A9820E364FC031F33AF /* Tomcrest */ = {
			isa = PBXGroup;
			children = (
				5846B37CAF738D6B5CE3F79B /* Assets.xcassets */,
				4D114FAE5DFFFD58359EDB0C /* Info.plist */,
				6B3A2E68239D4FDC34653C04 /* App */,
				95BA511AEE7EB8F47A605F6C /* Core */,
				915CECD39E3699B52881899A /* DesignSystem */,
				9E8740D94D50F53C0F2C861D /* Features */,
				C7EDEE8BAEDB377BFA7F3977 /* Vendor */,
				C808AA8056388A2BD602D534 /* Views */,
			);
			path = Tomcrest;
			sourceTree = "<group>";
		};
		F1BD0BD105FFAD9D9C440DC3 /* Dashboard */ = {
			isa = PBXGroup;
			children = (
				B6D9B7488577CD1BA00CF8BF /* PortfolioDashboardComponents.swift */,
			);
			path = Dashboard;
			sourceTree = "<group>";
		};
		FA9DDEC3F814E5D410F0630F /* Design */ = {
			isa = PBXGroup;
			children = (
				A3CC047ED52D48648DEB73FA /* AppChrome.swift */,
				93DAC7ED0864B83CC74FB58D /* AppPanels.swift */,
				0100E75ED2C70F0DE6042E2C /* AppSectionHeader.swift */,
				6531A9C34F7B2D395774E465 /* AppTypography.swift */,
				A015EB22C602C5345CCFB646 /* DesignTokens.swift */,
				0B4E51679AD145781E7794F3 /* Layout.swift */,
			);
			path = Design;
			sourceTree = "<group>";
		};
/* End PBXGroup section */

/* Begin PBXNativeTarget section */
		61E91C968E701C7B16098D20 /* Tomcrest */ = {
			isa = PBXNativeTarget;
			buildConfigurationList = 27DC29DBD4C62A1DA7231CA9 /* Build configuration list for PBXNativeTarget "Tomcrest" */;
			buildPhases = (
				5EDBEBBF63D9EBD6E6D1F32B /* Sources */,
				450EE9BDAD4D3E3F32D51443 /* Resources */,
				FE20D78B053384FB027A9F7C /* Frameworks */,
			);
			buildRules = (
			);
			dependencies = (
			);
			name = Tomcrest;
			packageProductDependencies = (
				F095CC3DA398A8E9D0975A8C /* GoogleSignIn */,
			);
			productName = Tomcrest;
			productReference = 89DE7F43425C8D390A939AAA /* Tomcrest.app */;
			productType = "com.apple.product-type.application";
		};
/* End PBXNativeTarget section */

/* Begin PBXProject section */
		6D66BE7A4603004C3618F66F /* Project object */ = {
			isa = PBXProject;
			attributes = {
				BuildIndependentTargetsInParallel = YES;
				LastUpgradeCheck = 1600;
				TargetAttributes = {
					61E91C968E701C7B16098D20 = {
						DevelopmentTeam = "";
						ProvisioningStyle = Automatic;
					};
				};
			};
			buildConfigurationList = 34C53A5D9BDC9516164DF8CE /* Build configuration list for PBXProject "Tomcrest" */;
			developmentRegion = en;
			hasScannedForEncodings = 0;
			knownRegions = (
				Base,
				en,
			);
			mainGroup = A057449BDF123C968F4F3A49;
			minimizedProjectReferenceProxies = 1;
			packageReferences = (
				1B68DFB71B2D981473C88BF2 /* XCRemoteSwiftPackageReference "GoogleSignIn-iOS" */,
			);
			preferredProjectObjectVersion = 77;
			productRefGroup = 9436D7672295F3DB046D3EE8 /* Products */;
			projectDirPath = "";
			projectRoot = "";
			targets = (
				61E91C968E701C7B16098D20 /* Tomcrest */,
			);
		};
/* End PBXProject section */

/* Begin PBXResourcesBuildPhase section */
		450EE9BDAD4D3E3F32D51443 /* Resources */ = {
			isa = PBXResourcesBuildPhase;
			buildActionMask = 2147483647;
			files = (
				D6DF2E241EE76BE13FDB6DC8 /* Assets.xcassets in Resources */,
			);
			runOnlyForDeploymentPostprocessing = 0;
		};
/* End PBXResourcesBuildPhase section */

/* Begin PBXSourcesBuildPhase section */
		5EDBEBBF63D9EBD6E6D1F32B /* Sources */ = {
			isa = PBXSourcesBuildPhase;
			buildActionMask = 2147483647;
			files = (
				2BF67BF4B0FF0BEC35CCBB4C /* APIClient.swift in Sources */,
				F7CA7F03F3D79F492828A5EC /* APIError.swift in Sources */,
				A43FFFA3A1599AFA69DF44A5 /* APIModels.swift in Sources */,
				CE3BDEF61437D93BBF16ACA1 /* AboutSettingsScreen.swift in Sources */,
				BC4E510DA40867B4BD91AFAC /* AccountContext.swift in Sources */,
				9A80C786931F3A7B4470752F /* AccountModels.swift in Sources */,
				2782B303A743D492AEB18822 /* AccountSettingsScreen.swift in Sources */,
				5A623C35FC43AE9A8CA06B6F /* AnalysisModels.swift in Sources */,
				4C4DFE6AB9F5F8C593857A4F /* AppChrome.swift in Sources */,
				D4CDB2CB7EA2B083DEB645BD /* AppComponents.swift in Sources */,
				B4D290ADD6441866A1A18FB9 /* AppConfig.swift in Sources */,
				74E9CA1CB1016EF6855C38FE /* AppInAppBrowser.swift in Sources */,
				F926705DBBECA39BAD6CB132 /* AppPanels.swift in Sources */,
				D02B5BC82DB98556B7B1E277 /* AppPreview.swift in Sources */,
				ED0E62E7DFAD4F7F7C59C569 /* AppScreenShell.swift in Sources */,
				F0D40091BB3F7AD1FF76D9C4 /* AppSectionHeader.swift in Sources */,
				85321DA2A6BBB586E5A6AA7B /* AppSegmentedTabBar.swift in Sources */,
				CDA6B62EF19EC68DE34217C0 /* AppTypography.swift in Sources */,
				84CBD7DBFA9F2FCCE9BCDA9B /* AssistantChatScreen.swift in Sources */,
				77DE72BCAB224C56C14C7E2F /* AssistantPresenter.swift in Sources */,
				E16E791CABCFE8907FBA3EB4 /* AuthModels.swift in Sources */,
				DE3AFA98A25394C994687B58 /* AuthSession.swift in Sources */,
				F89C7461454B080E19B0D1E3 /* BrokerageSettingsScreen.swift in Sources */,
				4BC6F0880288987BC7C0D971 /* BusinessModels.swift in Sources */,
				AEA08B3E80EF3C89AD067241 /* ChatComponents.swift in Sources */,
				59611E1342E669CB7A7E0026 /* ChatFollowUpSuggestions.swift in Sources */,
				EB18FDD9E0CBA3686A8FF1A7 /* ChatHistoryModels.swift in Sources */,
				8A5438DDB46DEECCFD345694 /* ChatModelPicker.swift in Sources */,
				452945FCB8342A4D45781368 /* ChatModels.swift in Sources */,
				9FD80AD570FFE22EBA154E60 /* ChatService.swift in Sources */,
				237F75546733AF004F401270 /* ConversationalContentFormatting.swift in Sources */,
				7D30D4539FFE4CF7525BB16A /* ConversationalMarkdownText.swift in Sources */,
				54CF128E7807D350D4CA418E /* DesignTokens.swift in Sources */,
				EF6BFD9AD628D72DF421027C /* FloatingAssistantButton.swift in Sources */,
				D6F19B638C976FDA12C0C661 /* Formatters.swift in Sources */,
				49CAD6D3CB2983DAF32469B6 /* FundamentalMetricGroups.swift in Sources */,
				77219D17B9A8359AFB5A36FB /* GlowingIndicator.swift in Sources */,
				E6E5E7AB67A671E1103EB74D /* GoogleSignInCoordinator.swift in Sources */,
				A035F6CA7429977B09C53D74 /* IntelligenceHelpers.swift in Sources */,
				9594A2A02BF2A12D3AA0412D /* IntelligenceModels.swift in Sources */,
				2FF37DC847904CB471ABEEA1 /* InteractiveCharts.swift in Sources */,
				6256CFC036C2F30A9547F3E0 /* JSONPassThrough.swift in Sources */,
				71DCEABB842E7CF83976FE27 /* KeychainTokenStore.swift in Sources */,
				D7C25817A4B2A10175170FB5 /* Layout.swift in Sources */,
				3DB0EC935E7FF546FB03AAB3 /* LegalSettingsScreen.swift in Sources */,
				D70B81D9F36A3FE6A2229F53 /* LinePlotValueStick.swift in Sources */,
				1AC66644463AC2C0CC810E93 /* MainTabView.swift in Sources */,
				E2ECB11A9C911B3D63314327 /* MarkdownBlockParser.swift in Sources */,
				A6A2C24443BBC27F02A085AC /* MarkdownText.swift in Sources */,
				6073D4E7B5AAF22CB36E93E3 /* Misc.swift in Sources */,
				DD83B2C97A3630D9580FA931 /* NewsAnalyticsModels.swift in Sources */,
				4A4FFBCA4C4798A9A6217616 /* NotificationNames.swift in Sources */,
				BF851FFECD297D9A5E053CB8 /* OnboardingComponents.swift in Sources */,
				1C5296B195B50EE5862EA452 /* OnboardingStorage.swift in Sources */,
				0E72177F2B4551255D0E5430 /* OptionsRiskModels.swift in Sources */,
				A4A4EC4F4CB83EE257E5537A /* PdfExportSupport.swift in Sources */,
				CE177BFF154AEB04A3EA13D4 /* PortfolioActivityComponents.swift in Sources */,
				50C901F53AA8EE4A1B4FDFCC /* PortfolioAnalysisComponents.swift in Sources */,
				24634121853A243E2C7FF713 /* PortfolioAssistantSheet.swift in Sources */,
				D1EDF95AFFA5C3D8BAF54D67 /* PortfolioChatPanel.swift in Sources */,
				F0F5B8A7D6E473A1400631C7 /* PortfolioComponents.swift in Sources */,
				F3808F5F7B7B1A0A3FEB3F7D /* PortfolioDashboardComponents.swift in Sources */,
				A60256102693883CC996B177 /* PortfolioDestination.swift in Sources */,
				C895874005685C3211DAE98E /* PortfolioDetailScreens.swift in Sources */,
				136943E11389470444E8B0A4 /* PortfolioHoldingsComponents.swift in Sources */,
				A181E7DF10E613AEF3AF3E6E /* PortfolioModels.swift in Sources */,
				F44BCF05384E6A789B23ED88 /* PortfolioService.swift in Sources */,
				BC8C745B75A50BFFC2FE0479 /* PortfolioView.swift in Sources */,
				F793B0C25DD5215BA233D127 /* PortfolioViewModel.swift in Sources */,
				4C5265F15A4B8AB6C003FF4F /* PressAndHorizontalDragGesture.swift in Sources */,
				47D0A9DF93C07BAF3007A3EA /* RHInteractiveLinePlot.swift in Sources */,
				98431A438F27A76D3D9BFCBF /* RHLinePlot+NotSegmented.swift in Sources */,
				0196A70762504C14A15DD981 /* RHLinePlot+Segmented.swift in Sources */,
				3765FC4B172C5ED86E09B443 /* RHLinePlot.swift in Sources */,
				7187FCBEEBA601E654158C93 /* RHLinePlotConfig.swift in Sources */,
				6476448BF8BDA9C38868D4D6 /* RecentOrderFormatters.swift in Sources */,
				04859AE9A67C42A738C1B63F /* ResearchAssistantSheet.swift in Sources */,
				23728EDEFEA59356CF52E3DB /* ResearchChatPanel.swift in Sources */,
				DAC4AEA95BB85849E1FAB8CB /* ResearchDepthModels.swift in Sources */,
				EFB5B5F68785C84539204E71 /* ResearchDepthTabViews.swift in Sources */,
				6FE87C706C8D4D98F20DFB5E /* ResearchExtendedSections.swift in Sources */,
				605DD9D95546BDF948AD9BF5 /* ResearchExtendedTabs.swift in Sources */,
				88B3BF90EAEF5E1FA47C79D7 /* ResearchFundamentalsComponents.swift in Sources */,
				F0F02587E4CE7D6603B3B352 /* ResearchModels.swift in Sources */,
				68D393B40E051908E638236E /* ResearchNewsComponents.swift in Sources */,
				3E8273AE6D298275A3E57771 /* ResearchOverviewComponents.swift in Sources */,
				D7F740EE773E71AC8EA76D07 /* ResearchOverviewExtended.swift in Sources */,
				9CD6CFDBC2C980C2C88E7084 /* ResearchQuickAccessComponents.swift in Sources */,
				965CFFA572463C3B4BF12AC7 /* ResearchService.swift in Sources */,
				408048425ECAAC3FCE7D612C /* ResearchSymbolStorage.swift in Sources */,
				52860501FB9FFDD5609277EC /* ResearchTab.swift in Sources */,
				BD0A59EF10FF13AB64D7AF68 /* ResearchTabBar.swift in Sources */,
				16E0CC4DFF6364BA853F895E /* ResearchView.swift in Sources */,
				5499A7B6F06A987E55ACDEF1 /* ResearchViewModel.swift in Sources */,
				702D8054133852918F2BC14E /* RichMarkdownView.swift in Sources */,
				A2A74883AD83B67C28D0B9B0 /* RootView.swift in Sources */,
				2710F98BEE026EE65EA60143 /* SchwabOAuthCoordinator.swift in Sources */,
				80A9DA71C7F5F6D455CC7AB1 /* SecResearchModels.swift in Sources */,
				8F0D0A88D68993A27DBDA07F /* SettingsComponents.swift in Sources */,
				708092FBD3866B176CF69459 /* SettingsDestination.swift in Sources */,
				FBA669CBEF1CB17C3C2AEA56 /* SettingsListStyle.swift in Sources */,
				28BDE433477973AF54E3EAF5 /* SettingsLoadingView.swift in Sources */,
				95BFFD728F1449645BAF7D52 /* SettingsService.swift in Sources */,
				9BC44D3207BEA7E6946F90F1 /* SettingsView.swift in Sources */,
				E11EE29B2EA051338B14ACAA /* SettingsViewModel.swift in Sources */,
				D9AD758A5E7AC712A2705C2D /* SignInView.swift in Sources */,
				BC58D62C8C88BF9B493DB74F /* StockChartModels.swift in Sources */,
				2E0F062263870D074455B239 /* StrategyFlowComponents.swift in Sources */,
				8726FF914A8CA5B6098BBD1E /* StrategyFlows.swift in Sources */,
				D1FBD2C51C3BAB70CCBFC25E /* StrategyJourneyCard.swift in Sources */,
				DACD6EE21B4625A0A1B95C16 /* StrategyModels.swift in Sources */,
				E97F1FC6A75D55CB85A5CA80 /* StrategyOnboardingWizard.swift in Sources */,
				F03D08600526973151353D3A /* StrategyPlaybookComponents.swift in Sources */,
				BCDBEB62F08E9324E81520B9 /* StrategyPlaybookHelpers.swift in Sources */,
				511D81DC191BF78480623C65 /* StrategyScreenerModels.swift in Sources */,
				FA4196BD364D08A127CCC7D5 /* StrategyService.swift in Sources */,
				F142665D08D37659CB39346D /* StrategySettingsScreen.swift in Sources */,
				DD49B44789AA690829F81C98 /* StrategyStockScreenerView.swift in Sources */,
				3457AA9D8BDDAD8F969FC80A /* StrategySymbolPlaybookStrip.swift in Sources */,
				97739C34956DFCAA9B5737BD /* StreamingAPIClient.swift in Sources */,
				5F5498BC2CC2FE602F561F63 /* StructuredAnalysisSupport.swift in Sources */,
				13BBE14E8F80B2326B565C28 /* StructuredAnalysisView.swift in Sources */,
				0E3236CEEBF388CCA323FEE8 /* SymbolAnalysisComponents.swift in Sources */,
				8A0596DBD784D5F9F553918A /* SymbolDepthViewModel.swift in Sources */,
				2572DB42360EAF15B1713636 /* SymbolOverviewView.swift in Sources */,
				0BFECB8AE242696230A37BDF /* SymbolPositionComponents.swift in Sources */,
				53112FC60664E4D30EC805C8 /* SymbolPositionViewModel.swift in Sources */,
				A4EE0C975141119CE6DDAD86 /* SymbolResearchView.swift in Sources */,
				425BE6A48B452F0057E1B460 /* TomcrestApp.swift in Sources */,
				E9A03D77A7C3ECA52147034F /* WheelBacktestExtendedViews.swift in Sources */,
				DD951AC0B31E64ED97EBB1B1 /* WheelBacktestModels.swift in Sources */,
			);
			runOnlyForDeploymentPostprocessing = 0;
		};
/* End PBXSourcesBuildPhase section */

/* Begin XCBuildConfiguration section */
		2357CA90A2096E75C5F439FD /* Debug */ = {
			isa = XCBuildConfiguration;
			buildSettings = {
				ALWAYS_SEARCH_USER_PATHS = NO;
				CLANG_ANALYZER_NONNULL = YES;
				CLANG_ANALYZER_NUMBER_OBJECT_CONVERSION = YES_AGGRESSIVE;
				CLANG_CXX_LANGUAGE_STANDARD = "gnu++14";
				CLANG_CXX_LIBRARY = "libc++";
				CLANG_ENABLE_MODULES = YES;
				CLANG_ENABLE_OBJC_ARC = YES;
				CLANG_ENABLE_OBJC_WEAK = YES;
				CLANG_WARN_BLOCK_CAPTURE_AUTORELEASING = YES;
				CLANG_WARN_BOOL_CONVERSION = YES;
				CLANG_WARN_COMMA = YES;
				CLANG_WARN_CONSTANT_CONVERSION = YES;
				CLANG_WARN_DEPRECATED_OBJC_IMPLEMENTATIONS = YES;
				CLANG_WARN_DIRECT_OBJC_ISA_USAGE = YES_ERROR;
				CLANG_WARN_DOCUMENTATION_COMMENTS = YES;
				CLANG_WARN_EMPTY_BODY = YES;
				CLANG_WARN_ENUM_CONVERSION = YES;
				CLANG_WARN_INFINITE_RECURSION = YES;
				CLANG_WARN_INT_CONVERSION = YES;
				CLANG_WARN_NON_LITERAL_NULL_CONVERSION = YES;
				CLANG_WARN_OBJC_IMPLICIT_RETAIN_SELF = YES;
				CLANG_WARN_OBJC_LITERAL_CONVERSION = YES;
				CLANG_WARN_OBJC_ROOT_CLASS = YES_ERROR;
				CLANG_WARN_QUOTED_INCLUDE_IN_FRAMEWORK_HEADER = YES;
				CLANG_WARN_RANGE_LOOP_ANALYSIS = YES;
				CLANG_WARN_STRICT_PROTOTYPES = YES;
				CLANG_WARN_SUSPICIOUS_MOVE = YES;
				CLANG_WARN_UNGUARDED_AVAILABILITY = YES_AGGRESSIVE;
				CLANG_WARN_UNREACHABLE_CODE = YES;
				CLANG_WARN__DUPLICATE_METHOD_MATCH = YES;
				CODE_SIGN_STYLE = Automatic;
				COPY_PHASE_STRIP = NO;
				CURRENT_PROJECT_VERSION = 1;
				DEBUG_INFORMATION_FORMAT = dwarf;
				DEVELOPMENT_TEAM = "";
				ENABLE_STRICT_OBJC_MSGSEND = YES;
				ENABLE_TESTABILITY = YES;
				GCC_C_LANGUAGE_STANDARD = gnu11;
				GCC_DYNAMIC_NO_PIC = NO;
				GCC_NO_COMMON_BLOCKS = YES;
				GCC_OPTIMIZATION_LEVEL = 0;
				GCC_PREPROCESSOR_DEFINITIONS = (
					"$(inherited)",
					"DEBUG=1",
				);
				GCC_WARN_64_TO_32_BIT_CONVERSION = YES;
				GCC_WARN_ABOUT_RETURN_TYPE = YES_ERROR;
				GCC_WARN_UNDECLARED_SELECTOR = YES;
				GCC_WARN_UNINITIALIZED_AUTOS = YES_AGGRESSIVE;
				GCC_WARN_UNUSED_FUNCTION = YES;
				GCC_WARN_UNUSED_VARIABLE = YES;
				IPHONEOS_DEPLOYMENT_TARGET = 17.0;
				MARKETING_VERSION = 0.1.0;
				MTL_ENABLE_DEBUG_INFO = INCLUDE_SOURCE;
				MTL_FAST_MATH = YES;
				ONLY_ACTIVE_ARCH = YES;
				PRODUCT_NAME = "$(TARGET_NAME)";
				SDKROOT = iphoneos;
				SWIFT_ACTIVE_COMPILATION_CONDITIONS = DEBUG;
				SWIFT_OPTIMIZATION_LEVEL = "-Onone";
				SWIFT_VERSION = 5.10;
				TARGETED_DEVICE_FAMILY = "1,2";
			};
			name = Debug;
		};
		53BA9C227B0CBD17A0C15A09 /* Release */ = {
			isa = XCBuildConfiguration;
			buildSettings = {
				ALWAYS_SEARCH_USER_PATHS = NO;
				CLANG_ANALYZER_NONNULL = YES;
				CLANG_ANALYZER_NUMBER_OBJECT_CONVERSION = YES_AGGRESSIVE;
				CLANG_CXX_LANGUAGE_STANDARD = "gnu++14";
				CLANG_CXX_LIBRARY = "libc++";
				CLANG_ENABLE_MODULES = YES;
				CLANG_ENABLE_OBJC_ARC = YES;
				CLANG_ENABLE_OBJC_WEAK = YES;
				CLANG_WARN_BLOCK_CAPTURE_AUTORELEASING = YES;
				CLANG_WARN_BOOL_CONVERSION = YES;
				CLANG_WARN_COMMA = YES;
				CLANG_WARN_CONSTANT_CONVERSION = YES;
				CLANG_WARN_DEPRECATED_OBJC_IMPLEMENTATIONS = YES;
				CLANG_WARN_DIRECT_OBJC_ISA_USAGE = YES_ERROR;
				CLANG_WARN_DOCUMENTATION_COMMENTS = YES;
				CLANG_WARN_EMPTY_BODY = YES;
				CLANG_WARN_ENUM_CONVERSION = YES;
				CLANG_WARN_INFINITE_RECURSION = YES;
				CLANG_WARN_INT_CONVERSION = YES;
				CLANG_WARN_NON_LITERAL_NULL_CONVERSION = YES;
				CLANG_WARN_OBJC_IMPLICIT_RETAIN_SELF = YES;
				CLANG_WARN_OBJC_LITERAL_CONVERSION = YES;
				CLANG_WARN_OBJC_ROOT_CLASS = YES_ERROR;
				CLANG_WARN_QUOTED_INCLUDE_IN_FRAMEWORK_HEADER = YES;
				CLANG_WARN_RANGE_LOOP_ANALYSIS = YES;
				CLANG_WARN_STRICT_PROTOTYPES = YES;
				CLANG_WARN_SUSPICIOUS_MOVE = YES;
				CLANG_WARN_UNGUARDED_AVAILABILITY = YES_AGGRESSIVE;
				CLANG_WARN_UNREACHABLE_CODE = YES;
				CLANG_WARN__DUPLICATE_METHOD_MATCH = YES;
				CODE_SIGN_STYLE = Automatic;
				COPY_PHASE_STRIP = NO;
				CURRENT_PROJECT_VERSION = 1;
				DEBUG_INFORMATION_FORMAT = "dwarf-with-dsym";
				DEVELOPMENT_TEAM = "";
				ENABLE_NS_ASSERTIONS = NO;
				ENABLE_STRICT_OBJC_MSGSEND = YES;
				GCC_C_LANGUAGE_STANDARD = gnu11;
				GCC_NO_COMMON_BLOCKS = YES;
				GCC_WARN_64_TO_32_BIT_CONVERSION = YES;
				GCC_WARN_ABOUT_RETURN_TYPE = YES_ERROR;
				GCC_WARN_UNDECLARED_SELECTOR = YES;
				GCC_WARN_UNINITIALIZED_AUTOS = YES_AGGRESSIVE;
				GCC_WARN_UNUSED_FUNCTION = YES;
				GCC_WARN_UNUSED_VARIABLE = YES;
				IPHONEOS_DEPLOYMENT_TARGET = 17.0;
				MARKETING_VERSION = 0.1.0;
				MTL_ENABLE_DEBUG_INFO = NO;
				MTL_FAST_MATH = YES;
				PRODUCT_NAME = "$(TARGET_NAME)";
				SDKROOT = iphoneos;
				SWIFT_COMPILATION_MODE = wholemodule;
				SWIFT_OPTIMIZATION_LEVEL = "-O";
				SWIFT_VERSION = 5.10;
				TARGETED_DEVICE_FAMILY = "1,2";
			};
			name = Release;
		};
		53E53F5B81762C83BB602DB0 /* Release */ = {
			isa = XCBuildConfiguration;
			buildSettings = {
				ASSETCATALOG_COMPILER_APPICON_NAME = AppIcon;
				ASSETCATALOG_COMPILER_GLOBAL_ACCENT_COLOR_NAME = AccentColor;
				CODE_SIGN_IDENTITY = "iPhone Developer";
				GENERATE_INFOPLIST_FILE = YES;
				INFOPLIST_FILE = Tomcrest/Info.plist;
				INFOPLIST_KEY_CFBundleDisplayName = Tomcrest;
				INFOPLIST_KEY_ITSAppUsesNonExemptEncryption = NO;
				INFOPLIST_KEY_UIApplicationSceneManifest_Generation = YES;
				INFOPLIST_KEY_UILaunchScreen_Generation = YES;
				INFOPLIST_KEY_UISupportedInterfaceOrientations = UIInterfaceOrientationPortrait;
				INFOPLIST_KEY_UISupportedInterfaceOrientations_iPad = "UIInterfaceOrientationPortrait UIInterfaceOrientationPortraitUpsideDown UIInterfaceOrientationLandscapeLeft UIInterfaceOrientationLandscapeRight";
				LD_RUNPATH_SEARCH_PATHS = (
					"$(inherited)",
					"@executable_path/Frameworks",
				);
				PRODUCT_BUNDLE_IDENTIFIER = com.tomcrest.app;
				SDKROOT = iphoneos;
				TARGETED_DEVICE_FAMILY = "1,2";
			};
			name = Release;
		};
		9FE6C20EAB60B25081DA55DC /* Debug */ = {
			isa = XCBuildConfiguration;
			buildSettings = {
				ASSETCATALOG_COMPILER_APPICON_NAME = AppIcon;
				ASSETCATALOG_COMPILER_GLOBAL_ACCENT_COLOR_NAME = AccentColor;
				CODE_SIGN_IDENTITY = "iPhone Developer";
				GENERATE_INFOPLIST_FILE = YES;
				INFOPLIST_FILE = Tomcrest/Info.plist;
				INFOPLIST_KEY_CFBundleDisplayName = Tomcrest;
				INFOPLIST_KEY_ITSAppUsesNonExemptEncryption = NO;
				INFOPLIST_KEY_UIApplicationSceneManifest_Generation = YES;
				INFOPLIST_KEY_UILaunchScreen_Generation = YES;
				INFOPLIST_KEY_UISupportedInterfaceOrientations = UIInterfaceOrientationPortrait;
				INFOPLIST_KEY_UISupportedInterfaceOrientations_iPad = "UIInterfaceOrientationPortrait UIInterfaceOrientationPortraitUpsideDown UIInterfaceOrientationLandscapeLeft UIInterfaceOrientationLandscapeRight";
				LD_RUNPATH_SEARCH_PATHS = (
					"$(inherited)",
					"@executable_path/Frameworks",
				);
				PRODUCT_BUNDLE_IDENTIFIER = com.tomcrest.app;
				SDKROOT = iphoneos;
				TARGETED_DEVICE_FAMILY = "1,2";
			};
			name = Debug;
		};
/* End XCBuildConfiguration section */

/* Begin XCConfigurationList section */
		27DC29DBD4C62A1DA7231CA9 /* Build configuration list for PBXNativeTarget "Tomcrest" */ = {
			isa = XCConfigurationList;
			buildConfigurations = (
				9FE6C20EAB60B25081DA55DC /* Debug */,
				53E53F5B81762C83BB602DB0 /* Release */,
			);
			defaultConfigurationIsVisible = 0;
			defaultConfigurationName = Debug;
		};
		34C53A5D9BDC9516164DF8CE /* Build configuration list for PBXProject "Tomcrest" */ = {
			isa = XCConfigurationList;
			buildConfigurations = (
				2357CA90A2096E75C5F439FD /* Debug */,
				53BA9C227B0CBD17A0C15A09 /* Release */,
			);
			defaultConfigurationIsVisible = 0;
			defaultConfigurationName = Debug;
		};
/* End XCConfigurationList section */

/* Begin XCRemoteSwiftPackageReference section */
		1B68DFB71B2D981473C88BF2 /* XCRemoteSwiftPackageReference "GoogleSignIn-iOS" */ = {
			isa = XCRemoteSwiftPackageReference;
			repositoryURL = "https://github.com/google/GoogleSignIn-iOS";
			requirement = {
				kind = upToNextMajorVersion;
				minimumVersion = 8.0.0;
			};
		};
/* End XCRemoteSwiftPackageReference section */

/* Begin XCSwiftPackageProductDependency section */
		F095CC3DA398A8E9D0975A8C /* GoogleSignIn */ = {
			isa = XCSwiftPackageProductDependency;
			package = 1B68DFB71B2D981473C88BF2 /* XCRemoteSwiftPackageReference "GoogleSignIn-iOS" */;
			productName = GoogleSignIn;
		};
/* End XCSwiftPackageProductDependency section */
	};
	rootObject = 6D66BE7A4603004C3618F66F /* Project object */;
}
