// !$*UTF8*$!
{
	archiveVersion = 1;
	classes = {
	};
	objectVersion = 77;
	objects = {

/* Begin PBXBuildFile section */
		022DF7F5638E28227C34AB5D /* AnalysisModels.swift in Sources */ = {isa = PBXBuildFile; fileRef = F58FFE4D56BA66CD85218EA4 /* AnalysisModels.swift */; };
		0B1A53F6AAAEE34A3C5565F8 /* PortfolioModels.swift in Sources */ = {isa = PBXBuildFile; fileRef = 2876AF7CC87B87EFE6291EAD /* PortfolioModels.swift */; };
		0BFECB8AE242696230A37BDF /* SymbolPositionComponents.swift in Sources */ = {isa = PBXBuildFile; fileRef = C52A9E2ECC03CE43BFC8D9FC /* SymbolPositionComponents.swift */; };
		0C0EDFEFA80819148BA4A3B3 /* ResearchView.swift in Sources */ = {isa = PBXBuildFile; fileRef = 775CD36118BFF0258C935EEF /* ResearchView.swift */; };
		0E3236CEEBF388CCA323FEE8 /* SymbolAnalysisComponents.swift in Sources */ = {isa = PBXBuildFile; fileRef = AAF1372236CA83878E7A4921 /* SymbolAnalysisComponents.swift */; };
		0F4D1A300CD465DDB7CF45B8 /* AppPreview.swift in Sources */ = {isa = PBXBuildFile; fileRef = 7AFB7F176D327F7665A45E54 /* AppPreview.swift */; };
		11C31EB05F4A2E881BC0489F /* SecResearchModels.swift in Sources */ = {isa = PBXBuildFile; fileRef = 67AAA6371E5F9A62AA7F1FBB /* SecResearchModels.swift */; };
		136943E11389470444E8B0A4 /* PortfolioHoldingsComponents.swift in Sources */ = {isa = PBXBuildFile; fileRef = B14B50A5C9C4C9119FBF2341 /* PortfolioHoldingsComponents.swift */; };
		149F1390EBB5296DA3EFEE72 /* TomcrestApp.swift in Sources */ = {isa = PBXBuildFile; fileRef = 12C1F01FA657D19CAA988133 /* TomcrestApp.swift */; };
		1C4CA1DFD09FF7BA8D4F7D68 /* Formatters.swift in Sources */ = {isa = PBXBuildFile; fileRef = AEF715CDAB91FF5E4CDEC828 /* Formatters.swift */; };
		1C5296B195B50EE5862EA452 /* OnboardingStorage.swift in Sources */ = {isa = PBXBuildFile; fileRef = 089351FDBA4E2E58F33A3247 /* OnboardingStorage.swift */; };
		23728EDEFEA59356CF52E3DB /* ResearchChatPanel.swift in Sources */ = {isa = PBXBuildFile; fileRef = 9952646BAFBB92A38F812F53 /* ResearchChatPanel.swift */; };
		2572DB42360EAF15B1713636 /* SymbolOverviewView.swift in Sources */ = {isa = PBXBuildFile; fileRef = 68D51E9CDB8C1BE024A2559B /* SymbolOverviewView.swift */; };
		28BDE433477973AF54E3EAF5 /* SettingsLoadingView.swift in Sources */ = {isa = PBXBuildFile; fileRef = 9F488810FC54D310EAA5E582 /* SettingsLoadingView.swift */; };
		2E0F062263870D074455B239 /* StrategyFlowComponents.swift in Sources */ = {isa = PBXBuildFile; fileRef = 37034DEFE43B38FF91FE02F2 /* StrategyFlowComponents.swift */; };
		2E28456CD185944AE5CBA28A /* APIClient.swift in Sources */ = {isa = PBXBuildFile; fileRef = 5A2B74C42F6C6407526B9E97 /* APIClient.swift */; };
		3457AA9D8BDDAD8F969FC80A /* StrategySymbolPlaybookStrip.swift in Sources */ = {isa = PBXBuildFile; fileRef = EC14A291FDFEAE019DBE5329 /* StrategySymbolPlaybookStrip.swift */; };
		345C86413058724D88395F42 /* AccountContext.swift in Sources */ = {isa = PBXBuildFile; fileRef = 536B980C033E23E32C2E7250 /* AccountContext.swift */; };
		36CBE95366E0512B42C09B1D /* StreamingAPIClient.swift in Sources */ = {isa = PBXBuildFile; fileRef = B5494CC946CEF0B3ADD20310 /* StreamingAPIClient.swift */; };
		3801B3CA037907DBDFE34D47 /* MainTabView.swift in Sources */ = {isa = PBXBuildFile; fileRef = E6DBC8853F557AF7FFFAFAB5 /* MainTabView.swift */; };
		3919F82CE73A628AF197FA7A /* KeychainTokenStore.swift in Sources */ = {isa = PBXBuildFile; fileRef = 825C28405F79ACAC670D23A1 /* KeychainTokenStore.swift */; };
		3E8273AE6D298275A3E57771 /* ResearchOverviewComponents.swift in Sources */ = {isa = PBXBuildFile; fileRef = 2F7D42BB285D3287FD44230C /* ResearchOverviewComponents.swift */; };
		408048425ECAAC3FCE7D612C /* ResearchSymbolStorage.swift in Sources */ = {isa = PBXBuildFile; fileRef = 2E54051E5CFFAB9ABC412D36 /* ResearchSymbolStorage.swift */; };
		410D54EEF14C972C8A7CBBE9 /* IntelligenceModels.swift in Sources */ = {isa = PBXBuildFile; fileRef = EE475D1D4FBCF7EC0CEA8539 /* IntelligenceModels.swift */; };
		49CAD6D3CB2983DAF32469B6 /* FundamentalMetricGroups.swift in Sources */ = {isa = PBXBuildFile; fileRef = 5325426B7882B9B13388D705 /* FundamentalMetricGroups.swift */; };
		4CFE1A320FB9B8D3B244F53D /* ChatModels.swift in Sources */ = {isa = PBXBuildFile; fileRef = 188BBAE794F7E217C4550D19 /* ChatModels.swift */; };
		4F262311EC5E264A1AF0C2FA /* Layout.swift in Sources */ = {isa = PBXBuildFile; fileRef = F352BAC4217B811FB575DD41 /* Layout.swift */; };
		50C901F53AA8EE4A1B4FDFCC /* PortfolioAnalysisComponents.swift in Sources */ = {isa = PBXBuildFile; fileRef = E2DEF1D4B58C9CBB697935F7 /* PortfolioAnalysisComponents.swift */; };
		52860501FB9FFDD5609277EC /* ResearchTab.swift in Sources */ = {isa = PBXBuildFile; fileRef = A233D5D6226CF735F473D173 /* ResearchTab.swift */; };
		53112FC60664E4D30EC805C8 /* SymbolPositionViewModel.swift in Sources */ = {isa = PBXBuildFile; fileRef = 4B20D45BBE945CE64E04DECA /* SymbolPositionViewModel.swift */; };
		5499A7B6F06A987E55ACDEF1 /* ResearchViewModel.swift in Sources */ = {isa = PBXBuildFile; fileRef = AEA479CA24F0FF3F8389855B /* ResearchViewModel.swift */; };
		5CDF03F4465036AC24C61ACF /* APIError.swift in Sources */ = {isa = PBXBuildFile; fileRef = 0BBAE16CB8B242BE30F33EF7 /* APIError.swift */; };
		5F5498BC2CC2FE602F561F63 /* StructuredAnalysisSupport.swift in Sources */ = {isa = PBXBuildFile; fileRef = 72CA4A5F1E51BCD66EC23681 /* StructuredAnalysisSupport.swift */; };
		603733FBB5E239CB24254ED1 /* AppTypography.swift in Sources */ = {isa = PBXBuildFile; fileRef = 81BF9B697DFB634AB68BF292 /* AppTypography.swift */; };
		605DD9D95546BDF948AD9BF5 /* ResearchExtendedTabs.swift in Sources */ = {isa = PBXBuildFile; fileRef = 55232C90C6EC1B73C4F317D0 /* ResearchExtendedTabs.swift */; };
		6420F069F391BBD23C04593A /* APIModels.swift in Sources */ = {isa = PBXBuildFile; fileRef = FAE50C77132469C890F7F1B0 /* APIModels.swift */; };
		6476448BF8BDA9C38868D4D6 /* RecentOrderFormatters.swift in Sources */ = {isa = PBXBuildFile; fileRef = D2F42C3D7177187D862899AA /* RecentOrderFormatters.swift */; };
		68D393B40E051908E638236E /* ResearchNewsComponents.swift in Sources */ = {isa = PBXBuildFile; fileRef = 485604ACBF7E957661B6CC8E /* ResearchNewsComponents.swift */; };
		6FE87C706C8D4D98F20DFB5E /* ResearchExtendedSections.swift in Sources */ = {isa = PBXBuildFile; fileRef = FEC8893DEB1636724FB25C83 /* ResearchExtendedSections.swift */; };
		7491373B0109EFBD3A900311 /* RootView.swift in Sources */ = {isa = PBXBuildFile; fileRef = 1DD7D537955707E54C28B3BA /* RootView.swift */; };
		7BEEB74D7A3BB5E65F07B7A7 /* AuthModels.swift in Sources */ = {isa = PBXBuildFile; fileRef = C32CCCD1FCD03C3B78D45A94 /* AuthModels.swift */; };
		7C67929BFF4D41646A188068 /* AccountModels.swift in Sources */ = {isa = PBXBuildFile; fileRef = 1C578D1CBA37A06DC24E6A0B /* AccountModels.swift */; };
		7E6F5C8C06C5AF03ED5B1B1B /* JSONPassThrough.swift in Sources */ = {isa = PBXBuildFile; fileRef = F5A7425B84E4BA97DD6A86CF /* JSONPassThrough.swift */; };
		85896D33F93EAD708755F0C4 /* PortfolioView.swift in Sources */ = {isa = PBXBuildFile; fileRef = E12152B341E34DD9834C39D6 /* PortfolioView.swift */; };
		8726FF914A8CA5B6098BBD1E /* StrategyFlows.swift in Sources */ = {isa = PBXBuildFile; fileRef = D18F50F1EBDE7A4E8F8E2FAC /* StrategyFlows.swift */; };
		876EDE516C70CCC863787073 /* AppPanels.swift in Sources */ = {isa = PBXBuildFile; fileRef = 61EBC113EFFEBD87A9DD1260 /* AppPanels.swift */; };
		88B3BF90EAEF5E1FA47C79D7 /* ResearchFundamentalsComponents.swift in Sources */ = {isa = PBXBuildFile; fileRef = 7981764E4F2F6278ADE708C5 /* ResearchFundamentalsComponents.swift */; };
		8A0596DBD784D5F9F553918A /* SymbolDepthViewModel.swift in Sources */ = {isa = PBXBuildFile; fileRef = 8EDECBD7FA0089B449BCCE6A /* SymbolDepthViewModel.swift */; };
		8A6FAE9EB668DCD65584BA38 /* GoogleSignInCoordinator.swift in Sources */ = {isa = PBXBuildFile; fileRef = E4F5A21220D53144566D08F5 /* GoogleSignInCoordinator.swift */; };
		8E3F4FAB8DA31690DAA853F8 /* WheelBacktestModels.swift in Sources */ = {isa = PBXBuildFile; fileRef = D4FBA69F1CBDF752325FCD5E /* WheelBacktestModels.swift */; };
		8F0D0A88D68993A27DBDA07F /* SettingsComponents.swift in Sources */ = {isa = PBXBuildFile; fileRef = F084935B5A66C1A122711FD9 /* SettingsComponents.swift */; };
		95B5383B71683D5E95CB1603 /* ChatHistoryModels.swift in Sources */ = {isa = PBXBuildFile; fileRef = 8811CF2E231D1E6CBC3747AB /* ChatHistoryModels.swift */; };
		95BFFD728F1449645BAF7D52 /* SettingsService.swift in Sources */ = {isa = PBXBuildFile; fileRef = 2340213ADCB169F9EAC23961 /* SettingsService.swift */; };
		965CFFA572463C3B4BF12AC7 /* ResearchService.swift in Sources */ = {isa = PBXBuildFile; fileRef = 34B8510EAF3EAF1133A79AE3 /* ResearchService.swift */; };
		9CD6CFDBC2C980C2C88E7084 /* ResearchQuickAccessComponents.swift in Sources */ = {isa = PBXBuildFile; fileRef = 7912EA03246E2E96AA0B83CF /* ResearchQuickAccessComponents.swift */; };
		9F2D5670D69357410F2B77E0 /* AppComponents.swift in Sources */ = {isa = PBXBuildFile; fileRef = 29590C329EE1D4D752AB732A /* AppComponents.swift */; };
		9F61E35E72A4407122BC12F8 /* AuthSession.swift in Sources */ = {isa = PBXBuildFile; fileRef = 26FC43841F7166FFF4004CA2 /* AuthSession.swift */; };
		A035F6CA7429977B09C53D74 /* IntelligenceHelpers.swift in Sources */ = {isa = PBXBuildFile; fileRef = BBD267BF2EB2C55F50BD1AAB /* IntelligenceHelpers.swift */; };
		A0D9F297E45D4A437B76D4B1 /* AppConfig.swift in Sources */ = {isa = PBXBuildFile; fileRef = 199C625F0D158E0D439FF60E /* AppConfig.swift */; };
		A4A4EC4F4CB83EE257E5537A /* PdfExportSupport.swift in Sources */ = {isa = PBXBuildFile; fileRef = 4F6857D2FE761904F809D30C /* PdfExportSupport.swift */; };
		AC7D9B871A12FB1302BBFF24 /* ResearchModels.swift in Sources */ = {isa = PBXBuildFile; fileRef = DD7A2957C9BD8560D92DDC8A /* ResearchModels.swift */; };
		AFF402A654B47E2AF6272929 /* NewsAnalyticsModels.swift in Sources */ = {isa = PBXBuildFile; fileRef = 5C19E47A8B8D404C7CE58B66 /* NewsAnalyticsModels.swift */; };
		B0DC5D06C53CFFED4C278EBC /* ChatService.swift in Sources */ = {isa = PBXBuildFile; fileRef = B0E427C11209C5F8F1AEAD1C /* ChatService.swift */; };
		B13A87E987FBEF80D734F804 /* StockChartModels.swift in Sources */ = {isa = PBXBuildFile; fileRef = AFBBB8AC18D51C219846D72E /* StockChartModels.swift */; };
		B56A9900012BD963937C8B33 /* SchwabOAuthCoordinator.swift in Sources */ = {isa = PBXBuildFile; fileRef = 4AE26F43C0ED4D1B1BD16F8C /* SchwabOAuthCoordinator.swift */; };
		BC0AAE1F5FA9DE27A5EDEDFB /* StrategyModels.swift in Sources */ = {isa = PBXBuildFile; fileRef = 8788CDEAF697F62FB4CB1BAE /* StrategyModels.swift */; };
		BCDBEB62F08E9324E81520B9 /* StrategyPlaybookHelpers.swift in Sources */ = {isa = PBXBuildFile; fileRef = 67FD9D9FF486F0AE5CF74DE9 /* StrategyPlaybookHelpers.swift */; };
		BD0A59EF10FF13AB64D7AF68 /* ResearchTabBar.swift in Sources */ = {isa = PBXBuildFile; fileRef = A39BC11142DA243292ACD08B /* ResearchTabBar.swift */; };
		BF851FFECD297D9A5E053CB8 /* OnboardingComponents.swift in Sources */ = {isa = PBXBuildFile; fileRef = 41FAC74FDAD148A81196237F /* OnboardingComponents.swift */; };
		C04524FE1B708C4BC1650109 /* AppScreenShell.swift in Sources */ = {isa = PBXBuildFile; fileRef = 3AE5766D679E2758B117B545 /* AppScreenShell.swift */; };
		C45BA35E0B0C78EE8523D258 /* ResearchDepthModels.swift in Sources */ = {isa = PBXBuildFile; fileRef = E453F056257B1FE592C10F23 /* ResearchDepthModels.swift */; };
		CB220ECFA6CD08099BC788DC /* SymbolResearchView.swift in Sources */ = {isa = PBXBuildFile; fileRef = 613E79272449CD4E1E212E15 /* SymbolResearchView.swift */; };
		CC027238F64C3A7048BBE78D /* GoogleSignIn in Frameworks */ = {isa = PBXBuildFile; productRef = F095CC3DA398A8E9D0975A8C /* GoogleSignIn */; };
		CE177BFF154AEB04A3EA13D4 /* PortfolioActivityComponents.swift in Sources */ = {isa = PBXBuildFile; fileRef = AA3B874639ACAD7FD21FE721 /* PortfolioActivityComponents.swift */; };
		CE2E11D48D5A981361F1EC38 /* ChatComponents.swift in Sources */ = {isa = PBXBuildFile; fileRef = E52386306B0AD5C4758D17B7 /* ChatComponents.swift */; };
		D1EDF95AFFA5C3D8BAF54D67 /* PortfolioChatPanel.swift in Sources */ = {isa = PBXBuildFile; fileRef = 6DC04A37CDB93D2C01043898 /* PortfolioChatPanel.swift */; };
		D1FBD2C51C3BAB70CCBFC25E /* StrategyJourneyCard.swift in Sources */ = {isa = PBXBuildFile; fileRef = 39C98136DDC0FC825197FA9E /* StrategyJourneyCard.swift */; };
		D26A663CFDDF34D9ADFDB5BC /* OptionsRiskModels.swift in Sources */ = {isa = PBXBuildFile; fileRef = B78845A5016AF7C18CF7C19F /* OptionsRiskModels.swift */; };
		D6DF2E241EE76BE13FDB6DC8 /* Assets.xcassets in Resources */ = {isa = PBXBuildFile; fileRef = 5846B37CAF738D6B5CE3F79B /* Assets.xcassets */; };
		D7F740EE773E71AC8EA76D07 /* ResearchOverviewExtended.swift in Sources */ = {isa = PBXBuildFile; fileRef = E538CE475AB22DE15657A7AA /* ResearchOverviewExtended.swift */; };
		D9AD758A5E7AC712A2705C2D /* SignInView.swift in Sources */ = {isa = PBXBuildFile; fileRef = 3D124937BEE709A3D15A2395 /* SignInView.swift */; };
		DAA94D69B97407F82B1557E1 /* SettingsView.swift in Sources */ = {isa = PBXBuildFile; fileRef = 9D1393FF472A9960D8838A77 /* SettingsView.swift */; };
		DD49B44789AA690829F81C98 /* StrategyStockScreenerView.swift in Sources */ = {isa = PBXBuildFile; fileRef = 6D57530770A660777D33892B /* StrategyStockScreenerView.swift */; };
		E110FB64AB1D3333777BD234 /* AppSectionHeader.swift in Sources */ = {isa = PBXBuildFile; fileRef = 593BF952896C266346E77731 /* AppSectionHeader.swift */; };
		E11EE29B2EA051338B14ACAA /* SettingsViewModel.swift in Sources */ = {isa = PBXBuildFile; fileRef = 97AE132548425F9A2A96F97C /* SettingsViewModel.swift */; };
		E1B44797CAF0B6A37C3AE2B9 /* StrategyScreenerModels.swift in Sources */ = {isa = PBXBuildFile; fileRef = 59F7444BA0A9B62593A5DEDC /* StrategyScreenerModels.swift */; };
		E2747B142F61F03F7AA1FF07 /* AppSegmentedTabBar.swift in Sources */ = {isa = PBXBuildFile; fileRef = F4E25030218DAD818C8C0AB5 /* AppSegmentedTabBar.swift */; };
		E6B2A27CE24D9665AB4F7253 /* DesignTokens.swift in Sources */ = {isa = PBXBuildFile; fileRef = DF44FB42B18D24B6EED8D8BE /* DesignTokens.swift */; };
		E97F1FC6A75D55CB85A5CA80 /* StrategyOnboardingWizard.swift in Sources */ = {isa = PBXBuildFile; fileRef = F8D97015C24BC712031AA10E /* StrategyOnboardingWizard.swift */; };
		E9A03D77A7C3ECA52147034F /* WheelBacktestExtendedViews.swift in Sources */ = {isa = PBXBuildFile; fileRef = 2BEE4D981C233044652FF2F7 /* WheelBacktestExtendedViews.swift */; };
		EFB5B5F68785C84539204E71 /* ResearchDepthTabViews.swift in Sources */ = {isa = PBXBuildFile; fileRef = 71AC1879AABF6DAB8563AF02 /* ResearchDepthTabViews.swift */; };
		F03D08600526973151353D3A /* StrategyPlaybookComponents.swift in Sources */ = {isa = PBXBuildFile; fileRef = C64F707EE8641127256A1507 /* StrategyPlaybookComponents.swift */; };
		F0F5B8A7D6E473A1400631C7 /* PortfolioComponents.swift in Sources */ = {isa = PBXBuildFile; fileRef = 5A4B7E0719E26DF2A730210E /* PortfolioComponents.swift */; };
		F2713C9C732DA118C816871B /* NotificationNames.swift in Sources */ = {isa = PBXBuildFile; fileRef = DEDED918DBC7829A120FDD4B /* NotificationNames.swift */; };
		F44BCF05384E6A789B23ED88 /* PortfolioService.swift in Sources */ = {isa = PBXBuildFile; fileRef = B4BB850DE87618BD225F52B6 /* PortfolioService.swift */; };
		F47DFDC7E54B57D839234BB4 /* ChatModelPicker.swift in Sources */ = {isa = PBXBuildFile; fileRef = 91606BA7524DAD95BDCE1F1A /* ChatModelPicker.swift */; };
		F793B0C25DD5215BA233D127 /* PortfolioViewModel.swift in Sources */ = {isa = PBXBuildFile; fileRef = D863CB5166F2200AED0CD0C0 /* PortfolioViewModel.swift */; };
		F9495F2AEBEBE6436C0F3643 /* BusinessModels.swift in Sources */ = {isa = PBXBuildFile; fileRef = 69F9F9CE308DF923BE2BDCFD /* BusinessModels.swift */; };
		FA4196BD364D08A127CCC7D5 /* StrategyService.swift in Sources */ = {isa = PBXBuildFile; fileRef = 78AA1E797ADD3849B5EC6425 /* StrategyService.swift */; };
		FD78AD0247CD37FBBE553DD1 /* MarkdownText.swift in Sources */ = {isa = PBXBuildFile; fileRef = 44DE4718174499D375AEA5B7 /* MarkdownText.swift */; };
/* End PBXBuildFile section */

/* Begin PBXFileReference section */
		089351FDBA4E2E58F33A3247 /* OnboardingStorage.swift */ = {isa = PBXFileReference; lastKnownFileType = sourcecode.swift; path = OnboardingStorage.swift; sourceTree = "<group>"; };
		0BBAE16CB8B242BE30F33EF7 /* APIError.swift */ = {isa = PBXFileReference; lastKnownFileType = sourcecode.swift; path = APIError.swift; sourceTree = "<group>"; };
		12C1F01FA657D19CAA988133 /* TomcrestApp.swift */ = {isa = PBXFileReference; lastKnownFileType = sourcecode.swift; path = TomcrestApp.swift; sourceTree = "<group>"; };
		188BBAE794F7E217C4550D19 /* ChatModels.swift */ = {isa = PBXFileReference; lastKnownFileType = sourcecode.swift; path = ChatModels.swift; sourceTree = "<group>"; };
		199C625F0D158E0D439FF60E /* AppConfig.swift */ = {isa = PBXFileReference; lastKnownFileType = sourcecode.swift; path = AppConfig.swift; sourceTree = "<group>"; };
		1C578D1CBA37A06DC24E6A0B /* AccountModels.swift */ = {isa = PBXFileReference; lastKnownFileType = sourcecode.swift; path = AccountModels.swift; sourceTree = "<group>"; };
		1DD7D537955707E54C28B3BA /* RootView.swift */ = {isa = PBXFileReference; lastKnownFileType = sourcecode.swift; path = RootView.swift; sourceTree = "<group>"; };
		2340213ADCB169F9EAC23961 /* SettingsService.swift */ = {isa = PBXFileReference; lastKnownFileType = sourcecode.swift; path = SettingsService.swift; sourceTree = "<group>"; };
		26FC43841F7166FFF4004CA2 /* AuthSession.swift */ = {isa = PBXFileReference; lastKnownFileType = sourcecode.swift; path = AuthSession.swift; sourceTree = "<group>"; };
		2876AF7CC87B87EFE6291EAD /* PortfolioModels.swift */ = {isa = PBXFileReference; lastKnownFileType = sourcecode.swift; path = PortfolioModels.swift; sourceTree = "<group>"; };
		29590C329EE1D4D752AB732A /* AppComponents.swift */ = {isa = PBXFileReference; lastKnownFileType = sourcecode.swift; path = AppComponents.swift; sourceTree = "<group>"; };
		2BEE4D981C233044652FF2F7 /* WheelBacktestExtendedViews.swift */ = {isa = PBXFileReference; lastKnownFileType = sourcecode.swift; path = WheelBacktestExtendedViews.swift; sourceTree = "<group>"; };
		2E54051E5CFFAB9ABC412D36 /* ResearchSymbolStorage.swift */ = {isa = PBXFileReference; lastKnownFileType = sourcecode.swift; path = ResearchSymbolStorage.swift; sourceTree = "<group>"; };
		2F7D42BB285D3287FD44230C /* ResearchOverviewComponents.swift */ = {isa = PBXFileReference; lastKnownFileType = sourcecode.swift; path = ResearchOverviewComponents.swift; sourceTree = "<group>"; };
		34B8510EAF3EAF1133A79AE3 /* ResearchService.swift */ = {isa = PBXFileReference; lastKnownFileType = sourcecode.swift; path = ResearchService.swift; sourceTree = "<group>"; };
		37034DEFE43B38FF91FE02F2 /* StrategyFlowComponents.swift */ = {isa = PBXFileReference; lastKnownFileType = sourcecode.swift; path = StrategyFlowComponents.swift; sourceTree = "<group>"; };
		39C98136DDC0FC825197FA9E /* StrategyJourneyCard.swift */ = {isa = PBXFileReference; lastKnownFileType = sourcecode.swift; path = StrategyJourneyCard.swift; sourceTree = "<group>"; };
		3AE5766D679E2758B117B545 /* AppScreenShell.swift */ = {isa = PBXFileReference; lastKnownFileType = sourcecode.swift; path = AppScreenShell.swift; sourceTree = "<group>"; };
		3D124937BEE709A3D15A2395 /* SignInView.swift */ = {isa = PBXFileReference; lastKnownFileType = sourcecode.swift; path = SignInView.swift; sourceTree = "<group>"; };
		41FAC74FDAD148A81196237F /* OnboardingComponents.swift */ = {isa = PBXFileReference; lastKnownFileType = sourcecode.swift; path = OnboardingComponents.swift; sourceTree = "<group>"; };
		44DE4718174499D375AEA5B7 /* MarkdownText.swift */ = {isa = PBXFileReference; lastKnownFileType = sourcecode.swift; path = MarkdownText.swift; sourceTree = "<group>"; };
		485604ACBF7E957661B6CC8E /* ResearchNewsComponents.swift */ = {isa = PBXFileReference; lastKnownFileType = sourcecode.swift; path = ResearchNewsComponents.swift; sourceTree = "<group>"; };
		4AE26F43C0ED4D1B1BD16F8C /* SchwabOAuthCoordinator.swift */ = {isa = PBXFileReference; lastKnownFileType = sourcecode.swift; path = SchwabOAuthCoordinator.swift; sourceTree = "<group>"; };
		4B20D45BBE945CE64E04DECA /* SymbolPositionViewModel.swift */ = {isa = PBXFileReference; lastKnownFileType = sourcecode.swift; path = SymbolPositionViewModel.swift; sourceTree = "<group>"; };
		4D114FAE5DFFFD58359EDB0C /* Info.plist */ = {isa = PBXFileReference; lastKnownFileType = text.plist; path = Info.plist; sourceTree = "<group>"; };
		4F6857D2FE761904F809D30C /* PdfExportSupport.swift */ = {isa = PBXFileReference; lastKnownFileType = sourcecode.swift; path = PdfExportSupport.swift; sourceTree = "<group>"; };
		5325426B7882B9B13388D705 /* FundamentalMetricGroups.swift */ = {isa = PBXFileReference; lastKnownFileType = sourcecode.swift; path = FundamentalMetricGroups.swift; sourceTree = "<group>"; };
		536B980C033E23E32C2E7250 /* AccountContext.swift */ = {isa = PBXFileReference; lastKnownFileType = sourcecode.swift; path = AccountContext.swift; sourceTree = "<group>"; };
		55232C90C6EC1B73C4F317D0 /* ResearchExtendedTabs.swift */ = {isa = PBXFileReference; lastKnownFileType = sourcecode.swift; path = ResearchExtendedTabs.swift; sourceTree = "<group>"; };
		5846B37CAF738D6B5CE3F79B /* Assets.xcassets */ = {isa = PBXFileReference; lastKnownFileType = folder.assetcatalog; path = Assets.xcassets; sourceTree = "<group>"; };
		593BF952896C266346E77731 /* AppSectionHeader.swift */ = {isa = PBXFileReference; lastKnownFileType = sourcecode.swift; path = AppSectionHeader.swift; sourceTree = "<group>"; };
		59F7444BA0A9B62593A5DEDC /* StrategyScreenerModels.swift */ = {isa = PBXFileReference; lastKnownFileType = sourcecode.swift; path = StrategyScreenerModels.swift; sourceTree = "<group>"; };
		5A2B74C42F6C6407526B9E97 /* APIClient.swift */ = {isa = PBXFileReference; lastKnownFileType = sourcecode.swift; path = APIClient.swift; sourceTree = "<group>"; };
		5A4B7E0719E26DF2A730210E /* PortfolioComponents.swift */ = {isa = PBXFileReference; lastKnownFileType = sourcecode.swift; path = PortfolioComponents.swift; sourceTree = "<group>"; };
		5C19E47A8B8D404C7CE58B66 /* NewsAnalyticsModels.swift */ = {isa = PBXFileReference; lastKnownFileType = sourcecode.swift; path = NewsAnalyticsModels.swift; sourceTree = "<group>"; };
		613E79272449CD4E1E212E15 /* SymbolResearchView.swift */ = {isa = PBXFileReference; lastKnownFileType = sourcecode.swift; path = SymbolResearchView.swift; sourceTree = "<group>"; };
		61EBC113EFFEBD87A9DD1260 /* AppPanels.swift */ = {isa = PBXFileReference; lastKnownFileType = sourcecode.swift; path = AppPanels.swift; sourceTree = "<group>"; };
		67AAA6371E5F9A62AA7F1FBB /* SecResearchModels.swift */ = {isa = PBXFileReference; lastKnownFileType = sourcecode.swift; path = SecResearchModels.swift; sourceTree = "<group>"; };
		67FD9D9FF486F0AE5CF74DE9 /* StrategyPlaybookHelpers.swift */ = {isa = PBXFileReference; lastKnownFileType = sourcecode.swift; path = StrategyPlaybookHelpers.swift; sourceTree = "<group>"; };
		68D51E9CDB8C1BE024A2559B /* SymbolOverviewView.swift */ = {isa = PBXFileReference; lastKnownFileType = sourcecode.swift; path = SymbolOverviewView.swift; sourceTree = "<group>"; };
		69F9F9CE308DF923BE2BDCFD /* BusinessModels.swift */ = {isa = PBXFileReference; lastKnownFileType = sourcecode.swift; path = BusinessModels.swift; sourceTree = "<group>"; };
		6D57530770A660777D33892B /* StrategyStockScreenerView.swift */ = {isa = PBXFileReference; lastKnownFileType = sourcecode.swift; path = StrategyStockScreenerView.swift; sourceTree = "<group>"; };
		6DC04A37CDB93D2C01043898 /* PortfolioChatPanel.swift */ = {isa = PBXFileReference; lastKnownFileType = sourcecode.swift; path = PortfolioChatPanel.swift; sourceTree = "<group>"; };
		71AC1879AABF6DAB8563AF02 /* ResearchDepthTabViews.swift */ = {isa = PBXFileReference; lastKnownFileType = sourcecode.swift; path = ResearchDepthTabViews.swift; sourceTree = "<group>"; };
		72CA4A5F1E51BCD66EC23681 /* StructuredAnalysisSupport.swift */ = {isa = PBXFileReference; lastKnownFileType = sourcecode.swift; path = StructuredAnalysisSupport.swift; sourceTree = "<group>"; };
		775CD36118BFF0258C935EEF /* ResearchView.swift */ = {isa = PBXFileReference; lastKnownFileType = sourcecode.swift; path = ResearchView.swift; sourceTree = "<group>"; };
		78AA1E797ADD3849B5EC6425 /* StrategyService.swift */ = {isa = PBXFileReference; lastKnownFileType = sourcecode.swift; path = StrategyService.swift; sourceTree = "<group>"; };
		7912EA03246E2E96AA0B83CF /* ResearchQuickAccessComponents.swift */ = {isa = PBXFileReference; lastKnownFileType = sourcecode.swift; path = ResearchQuickAccessComponents.swift; sourceTree = "<group>"; };
		7981764E4F2F6278ADE708C5 /* ResearchFundamentalsComponents.swift */ = {isa = PBXFileReference; lastKnownFileType = sourcecode.swift; path = ResearchFundamentalsComponents.swift; sourceTree = "<group>"; };
		7AFB7F176D327F7665A45E54 /* AppPreview.swift */ = {isa = PBXFileReference; lastKnownFileType = sourcecode.swift; path = AppPreview.swift; sourceTree = "<group>"; };
		81BF9B697DFB634AB68BF292 /* AppTypography.swift */ = {isa = PBXFileReference; lastKnownFileType = sourcecode.swift; path = AppTypography.swift; sourceTree = "<group>"; };
		825C28405F79ACAC670D23A1 /* KeychainTokenStore.swift */ = {isa = PBXFileReference; lastKnownFileType = sourcecode.swift; path = KeychainTokenStore.swift; sourceTree = "<group>"; };
		8788CDEAF697F62FB4CB1BAE /* StrategyModels.swift */ = {isa = PBXFileReference; lastKnownFileType = sourcecode.swift; path = StrategyModels.swift; sourceTree = "<group>"; };
		8811CF2E231D1E6CBC3747AB /* ChatHistoryModels.swift */ = {isa = PBXFileReference; lastKnownFileType = sourcecode.swift; path = ChatHistoryModels.swift; sourceTree = "<group>"; };
		89DE7F43425C8D390A939AAA /* Tomcrest.app */ = {isa = PBXFileReference; includeInIndex = 0; lastKnownFileType = wrapper.application; path = Tomcrest.app; sourceTree = BUILT_PRODUCTS_DIR; };
		8EDECBD7FA0089B449BCCE6A /* SymbolDepthViewModel.swift */ = {isa = PBXFileReference; lastKnownFileType = sourcecode.swift; path = SymbolDepthViewModel.swift; sourceTree = "<group>"; };
		91606BA7524DAD95BDCE1F1A /* ChatModelPicker.swift */ = {isa = PBXFileReference; lastKnownFileType = sourcecode.swift; path = ChatModelPicker.swift; sourceTree = "<group>"; };
		97AE132548425F9A2A96F97C /* SettingsViewModel.swift */ = {isa = PBXFileReference; lastKnownFileType = sourcecode.swift; path = SettingsViewModel.swift; sourceTree = "<group>"; };
		9952646BAFBB92A38F812F53 /* ResearchChatPanel.swift */ = {isa = PBXFileReference; lastKnownFileType = sourcecode.swift; path = ResearchChatPanel.swift; sourceTree = "<group>"; };
		9D1393FF472A9960D8838A77 /* SettingsView.swift */ = {isa = PBXFileReference; lastKnownFileType = sourcecode.swift; path = SettingsView.swift; sourceTree = "<group>"; };
		9F488810FC54D310EAA5E582 /* SettingsLoadingView.swift */ = {isa = PBXFileReference; lastKnownFileType = sourcecode.swift; path = SettingsLoadingView.swift; sourceTree = "<group>"; };
		A233D5D6226CF735F473D173 /* ResearchTab.swift */ = {isa = PBXFileReference; lastKnownFileType = sourcecode.swift; path = ResearchTab.swift; sourceTree = "<group>"; };
		A39BC11142DA243292ACD08B /* ResearchTabBar.swift */ = {isa = PBXFileReference; lastKnownFileType = sourcecode.swift; path = ResearchTabBar.swift; sourceTree = "<group>"; };
		AA3B874639ACAD7FD21FE721 /* PortfolioActivityComponents.swift */ = {isa = PBXFileReference; lastKnownFileType = sourcecode.swift; path = PortfolioActivityComponents.swift; sourceTree = "<group>"; };
		AAF1372236CA83878E7A4921 /* SymbolAnalysisComponents.swift */ = {isa = PBXFileReference; lastKnownFileType = sourcecode.swift; path = SymbolAnalysisComponents.swift; sourceTree = "<group>"; };
		AEA479CA24F0FF3F8389855B /* ResearchViewModel.swift */ = {isa = PBXFileReference; lastKnownFileType = sourcecode.swift; path = ResearchViewModel.swift; sourceTree = "<group>"; };
		AEF715CDAB91FF5E4CDEC828 /* Formatters.swift */ = {isa = PBXFileReference; lastKnownFileType = sourcecode.swift; path = Formatters.swift; sourceTree = "<group>"; };
		AFBBB8AC18D51C219846D72E /* StockChartModels.swift */ = {isa = PBXFileReference; lastKnownFileType = sourcecode.swift; path = StockChartModels.swift; sourceTree = "<group>"; };
		B0E427C11209C5F8F1AEAD1C /* ChatService.swift */ = {isa = PBXFileReference; lastKnownFileType = sourcecode.swift; path = ChatService.swift; sourceTree = "<group>"; };
		B14B50A5C9C4C9119FBF2341 /* PortfolioHoldingsComponents.swift */ = {isa = PBXFileReference; lastKnownFileType = sourcecode.swift; path = PortfolioHoldingsComponents.swift; sourceTree = "<group>"; };
		B4BB850DE87618BD225F52B6 /* PortfolioService.swift */ = {isa = PBXFileReference; lastKnownFileType = sourcecode.swift; path = PortfolioService.swift; sourceTree = "<group>"; };
		B5494CC946CEF0B3ADD20310 /* StreamingAPIClient.swift */ = {isa = PBXFileReference; lastKnownFileType = sourcecode.swift; path = StreamingAPIClient.swift; sourceTree = "<group>"; };
		B78845A5016AF7C18CF7C19F /* OptionsRiskModels.swift */ = {isa = PBXFileReference; lastKnownFileType = sourcecode.swift; path = OptionsRiskModels.swift; sourceTree = "<group>"; };
		BBD267BF2EB2C55F50BD1AAB /* IntelligenceHelpers.swift */ = {isa = PBXFileReference; lastKnownFileType = sourcecode.swift; path = IntelligenceHelpers.swift; sourceTree = "<group>"; };
		C32CCCD1FCD03C3B78D45A94 /* AuthModels.swift */ = {isa = PBXFileReference; lastKnownFileType = sourcecode.swift; path = AuthModels.swift; sourceTree = "<group>"; };
		C52A9E2ECC03CE43BFC8D9FC /* SymbolPositionComponents.swift */ = {isa = PBXFileReference; lastKnownFileType = sourcecode.swift; path = SymbolPositionComponents.swift; sourceTree = "<group>"; };
		C64F707EE8641127256A1507 /* StrategyPlaybookComponents.swift */ = {isa = PBXFileReference; lastKnownFileType = sourcecode.swift; path = StrategyPlaybookComponents.swift; sourceTree = "<group>"; };
		D18F50F1EBDE7A4E8F8E2FAC /* StrategyFlows.swift */ = {isa = PBXFileReference; lastKnownFileType = sourcecode.swift; path = StrategyFlows.swift; sourceTree = "<group>"; };
		D2F42C3D7177187D862899AA /* RecentOrderFormatters.swift */ = {isa = PBXFileReference; lastKnownFileType = sourcecode.swift; path = RecentOrderFormatters.swift; sourceTree = "<group>"; };
		D4FBA69F1CBDF752325FCD5E /* WheelBacktestModels.swift */ = {isa = PBXFileReference; lastKnownFileType = sourcecode.swift; path = WheelBacktestModels.swift; sourceTree = "<group>"; };
		D863CB5166F2200AED0CD0C0 /* PortfolioViewModel.swift */ = {isa = PBXFileReference; lastKnownFileType = sourcecode.swift; path = PortfolioViewModel.swift; sourceTree = "<group>"; };
		DD7A2957C9BD8560D92DDC8A /* ResearchModels.swift */ = {isa = PBXFileReference; lastKnownFileType = sourcecode.swift; path = ResearchModels.swift; sourceTree = "<group>"; };
		DEDED918DBC7829A120FDD4B /* NotificationNames.swift */ = {isa = PBXFileReference; lastKnownFileType = sourcecode.swift; path = NotificationNames.swift; sourceTree = "<group>"; };
		DF44FB42B18D24B6EED8D8BE /* DesignTokens.swift */ = {isa = PBXFileReference; lastKnownFileType = sourcecode.swift; path = DesignTokens.swift; sourceTree = "<group>"; };
		E12152B341E34DD9834C39D6 /* PortfolioView.swift */ = {isa = PBXFileReference; lastKnownFileType = sourcecode.swift; path = PortfolioView.swift; sourceTree = "<group>"; };
		E2DEF1D4B58C9CBB697935F7 /* PortfolioAnalysisComponents.swift */ = {isa = PBXFileReference; lastKnownFileType = sourcecode.swift; path = PortfolioAnalysisComponents.swift; sourceTree = "<group>"; };
		E453F056257B1FE592C10F23 /* ResearchDepthModels.swift */ = {isa = PBXFileReference; lastKnownFileType = sourcecode.swift; path = ResearchDepthModels.swift; sourceTree = "<group>"; };
		E4F5A21220D53144566D08F5 /* GoogleSignInCoordinator.swift */ = {isa = PBXFileReference; lastKnownFileType = sourcecode.swift; path = GoogleSignInCoordinator.swift; sourceTree = "<group>"; };
		E52386306B0AD5C4758D17B7 /* ChatComponents.swift */ = {isa = PBXFileReference; lastKnownFileType = sourcecode.swift; path = ChatComponents.swift; sourceTree = "<group>"; };
		E538CE475AB22DE15657A7AA /* ResearchOverviewExtended.swift */ = {isa = PBXFileReference; lastKnownFileType = sourcecode.swift; path = ResearchOverviewExtended.swift; sourceTree = "<group>"; };
		E6DBC8853F557AF7FFFAFAB5 /* MainTabView.swift */ = {isa = PBXFileReference; lastKnownFileType = sourcecode.swift; path = MainTabView.swift; sourceTree = "<group>"; };
		EC14A291FDFEAE019DBE5329 /* StrategySymbolPlaybookStrip.swift */ = {isa = PBXFileReference; lastKnownFileType = sourcecode.swift; path = StrategySymbolPlaybookStrip.swift; sourceTree = "<group>"; };
		EE475D1D4FBCF7EC0CEA8539 /* IntelligenceModels.swift */ = {isa = PBXFileReference; lastKnownFileType = sourcecode.swift; path = IntelligenceModels.swift; sourceTree = "<group>"; };
		F084935B5A66C1A122711FD9 /* SettingsComponents.swift */ = {isa = PBXFileReference; lastKnownFileType = sourcecode.swift; path = SettingsComponents.swift; sourceTree = "<group>"; };
		F352BAC4217B811FB575DD41 /* Layout.swift */ = {isa = PBXFileReference; lastKnownFileType = sourcecode.swift; path = Layout.swift; sourceTree = "<group>"; };
		F4E25030218DAD818C8C0AB5 /* AppSegmentedTabBar.swift */ = {isa = PBXFileReference; lastKnownFileType = sourcecode.swift; path = AppSegmentedTabBar.swift; sourceTree = "<group>"; };
		F58FFE4D56BA66CD85218EA4 /* AnalysisModels.swift */ = {isa = PBXFileReference; lastKnownFileType = sourcecode.swift; path = AnalysisModels.swift; sourceTree = "<group>"; };
		F5A7425B84E4BA97DD6A86CF /* JSONPassThrough.swift */ = {isa = PBXFileReference; lastKnownFileType = sourcecode.swift; path = JSONPassThrough.swift; sourceTree = "<group>"; };
		F8D97015C24BC712031AA10E /* StrategyOnboardingWizard.swift */ = {isa = PBXFileReference; lastKnownFileType = sourcecode.swift; path = StrategyOnboardingWizard.swift; sourceTree = "<group>"; };
		FAE50C77132469C890F7F1B0 /* APIModels.swift */ = {isa = PBXFileReference; lastKnownFileType = sourcecode.swift; path = APIModels.swift; sourceTree = "<group>"; };
		FEC8893DEB1636724FB25C83 /* ResearchExtendedSections.swift */ = {isa = PBXFileReference; lastKnownFileType = sourcecode.swift; path = ResearchExtendedSections.swift; sourceTree = "<group>"; };
/* End PBXFileReference section */

/* Begin PBXFrameworksBuildPhase section */
		FE20D78B053384FB027A9F7C /* Frameworks */ = {
			isa = PBXFrameworksBuildPhase;
			buildActionMask = 2147483647;
			files = (
				CC027238F64C3A7048BBE78D /* GoogleSignIn in Frameworks */,
			);
			runOnlyForDeploymentPostprocessing = 0;
		};
/* End PBXFrameworksBuildPhase section */

/* Begin PBXGroup section */
		02582D41E9DC22785C1E018D /* Components */ = {
			isa = PBXGroup;
			children = (
				29590C329EE1D4D752AB732A /* AppComponents.swift */,
				7AFB7F176D327F7665A45E54 /* AppPreview.swift */,
				E52386306B0AD5C4758D17B7 /* ChatComponents.swift */,
				91606BA7524DAD95BDCE1F1A /* ChatModelPicker.swift */,
				AEF715CDAB91FF5E4CDEC828 /* Formatters.swift */,
				44DE4718174499D375AEA5B7 /* MarkdownText.swift */,
			);
			path = Components;
			sourceTree = "<group>";
		};
		05D69D212935E07A57BB3253 /* Research */ = {
			isa = PBXGroup;
			children = (
				5325426B7882B9B13388D705 /* FundamentalMetricGroups.swift */,
				BBD267BF2EB2C55F50BD1AAB /* IntelligenceHelpers.swift */,
				4F6857D2FE761904F809D30C /* PdfExportSupport.swift */,
				9952646BAFBB92A38F812F53 /* ResearchChatPanel.swift */,
				71AC1879AABF6DAB8563AF02 /* ResearchDepthTabViews.swift */,
				FEC8893DEB1636724FB25C83 /* ResearchExtendedSections.swift */,
				55232C90C6EC1B73C4F317D0 /* ResearchExtendedTabs.swift */,
				7981764E4F2F6278ADE708C5 /* ResearchFundamentalsComponents.swift */,
				485604ACBF7E957661B6CC8E /* ResearchNewsComponents.swift */,
				2F7D42BB285D3287FD44230C /* ResearchOverviewComponents.swift */,
				E538CE475AB22DE15657A7AA /* ResearchOverviewExtended.swift */,
				7912EA03246E2E96AA0B83CF /* ResearchQuickAccessComponents.swift */,
				34B8510EAF3EAF1133A79AE3 /* ResearchService.swift */,
				2E54051E5CFFAB9ABC412D36 /* ResearchSymbolStorage.swift */,
				A233D5D6226CF735F473D173 /* ResearchTab.swift */,
				A39BC11142DA243292ACD08B /* ResearchTabBar.swift */,
				AEA479CA24F0FF3F8389855B /* ResearchViewModel.swift */,
				8EDECBD7FA0089B449BCCE6A /* SymbolDepthViewModel.swift */,
				68D51E9CDB8C1BE024A2559B /* SymbolOverviewView.swift */,
				C52A9E2ECC03CE43BFC8D9FC /* SymbolPositionComponents.swift */,
				4B20D45BBE945CE64E04DECA /* SymbolPositionViewModel.swift */,
				2BEE4D981C233044652FF2F7 /* WheelBacktestExtendedViews.swift */,
			);
			path = Research;
			sourceTree = "<group>";
		};
		09246595F02BE3217C4C292B /* Design */ = {
			isa = PBXGroup;
			children = (
				61EBC113EFFEBD87A9DD1260 /* AppPanels.swift */,
				593BF952896C266346E77731 /* AppSectionHeader.swift */,
				81BF9B697DFB634AB68BF292 /* AppTypography.swift */,
				DF44FB42B18D24B6EED8D8BE /* DesignTokens.swift */,
				F352BAC4217B811FB575DD41 /* Layout.swift */,
			);
			path = Design;
			sourceTree = "<group>";
		};
		1A1E23AF38688FCFC49F35CA /* Portfolio */ = {
			isa = PBXGroup;
			children = (
				AA3B874639ACAD7FD21FE721 /* PortfolioActivityComponents.swift */,
				E2DEF1D4B58C9CBB697935F7 /* PortfolioAnalysisComponents.swift */,
				6DC04A37CDB93D2C01043898 /* PortfolioChatPanel.swift */,
				5A4B7E0719E26DF2A730210E /* PortfolioComponents.swift */,
				B14B50A5C9C4C9119FBF2341 /* PortfolioHoldingsComponents.swift */,
				B4BB850DE87618BD225F52B6 /* PortfolioService.swift */,
				D863CB5166F2200AED0CD0C0 /* PortfolioViewModel.swift */,
				D2F42C3D7177187D862899AA /* RecentOrderFormatters.swift */,
				37034DEFE43B38FF91FE02F2 /* StrategyFlowComponents.swift */,
				D18F50F1EBDE7A4E8F8E2FAC /* StrategyFlows.swift */,
				C64F707EE8641127256A1507 /* StrategyPlaybookComponents.swift */,
				67FD9D9FF486F0AE5CF74DE9 /* StrategyPlaybookHelpers.swift */,
				EC14A291FDFEAE019DBE5329 /* StrategySymbolPlaybookStrip.swift */,
				72CA4A5F1E51BCD66EC23681 /* StructuredAnalysisSupport.swift */,
				AAF1372236CA83878E7A4921 /* SymbolAnalysisComponents.swift */,
			);
			path = Portfolio;
			sourceTree = "<group>";
		};
		376BAE0EA07EF2D24DE5C72A /* Navigation */ = {
			isa = PBXGroup;
			children = (
				3AE5766D679E2758B117B545 /* AppScreenShell.swift */,
				F4E25030218DAD818C8C0AB5 /* AppSegmentedTabBar.swift */,
			);
			path = Navigation;
			sourceTree = "<group>";
		};
		54779C7261E7836103FF04CC /* Config */ = {
			isa = PBXGroup;
			children = (
				199C625F0D158E0D439FF60E /* AppConfig.swift */,
			);
			path = Config;
			sourceTree = "<group>";
		};
		6F34F1CCA15BDD2EAAF9FFC4 /* Research */ = {
			isa = PBXGroup;
			children = (
				775CD36118BFF0258C935EEF /* ResearchView.swift */,
				613E79272449CD4E1E212E15 /* SymbolResearchView.swift */,
			);
			path = Research;
			sourceTree = "<group>";
		};
		75D4F6141292882F0B23C51F /* Auth */ = {
			isa = PBXGroup;
			children = (
				26FC43841F7166FFF4004CA2 /* AuthSession.swift */,
				E4F5A21220D53144566D08F5 /* GoogleSignInCoordinator.swift */,
				825C28405F79ACAC670D23A1 /* KeychainTokenStore.swift */,
				4AE26F43C0ED4D1B1BD16F8C /* SchwabOAuthCoordinator.swift */,
			);
			path = Auth;
			sourceTree = "<group>";
		};
		8CB8AA65B596C63518F9AA1A /* Networking */ = {
			isa = PBXGroup;
			children = (
				5A2B74C42F6C6407526B9E97 /* APIClient.swift */,
				0BBAE16CB8B242BE30F33EF7 /* APIError.swift */,
				B0E427C11209C5F8F1AEAD1C /* ChatService.swift */,
				F5A7425B84E4BA97DD6A86CF /* JSONPassThrough.swift */,
				DEDED918DBC7829A120FDD4B /* NotificationNames.swift */,
				B5494CC946CEF0B3ADD20310 /* StreamingAPIClient.swift */,
			);
			path = Networking;
			sourceTree = "<group>";
		};
		9436D7672295F3DB046D3EE8 /* Products */ = {
			isa = PBXGroup;
			children = (
				89DE7F43425C8D390A939AAA /* Tomcrest.app */,
			);
			name = Products;
			sourceTree = "<group>";
		};
		991087F28EA41B7C4D32D1D8 /* Portfolio */ = {
			isa = PBXGroup;
			children = (
				E12152B341E34DD9834C39D6 /* PortfolioView.swift */,
			);
			path = Portfolio;
			sourceTree = "<group>";
		};
		9E8740D94D50F53C0F2C861D /* Features */ = {
			isa = PBXGroup;
			children = (
				B40F688CDD2FA5B6FDBFAE98 /* Onboarding */,
				1A1E23AF38688FCFC49F35CA /* Portfolio */,
				05D69D212935E07A57BB3253 /* Research */,
				E09C27F0400DCE512209C9E6 /* Settings */,
			);
			path = Features;
			sourceTree = "<group>";
		};
		9FA6DB1A12AA5E03DBEDEB92 /* Auth */ = {
			isa = PBXGroup;
			children = (
				3D124937BEE709A3D15A2395 /* SignInView.swift */,
			);
			path = Auth;
			sourceTree = "<group>";
		};
		A057449BDF123C968F4F3A49 = {
			isa = PBXGroup;
			children = (
				EB978A9820E364FC031F33AF /* Tomcrest */,
				9436D7672295F3DB046D3EE8 /* Products */,
			);
			sourceTree = "<group>";
		};
		A6838313C557F4F01386F637 /* UI */ = {
			isa = PBXGroup;
			children = (
				02582D41E9DC22785C1E018D /* Components */,
				09246595F02BE3217C4C292B /* Design */,
				376BAE0EA07EF2D24DE5C72A /* Navigation */,
			);
			path = UI;
			sourceTree = "<group>";
		};
		B40F688CDD2FA5B6FDBFAE98 /* Onboarding */ = {
			isa = PBXGroup;
			children = (
				41FAC74FDAD148A81196237F /* OnboardingComponents.swift */,
				089351FDBA4E2E58F33A3247 /* OnboardingStorage.swift */,
				F8D97015C24BC712031AA10E /* StrategyOnboardingWizard.swift */,
			);
			path = Onboarding;
			sourceTree = "<group>";
		};
		C1A0AF2E0025AF3FD69AB0CD /* Models */ = {
			isa = PBXGroup;
			children = (
				536B980C033E23E32C2E7250 /* AccountContext.swift */,
				1C578D1CBA37A06DC24E6A0B /* AccountModels.swift */,
				F58FFE4D56BA66CD85218EA4 /* AnalysisModels.swift */,
				FAE50C77132469C890F7F1B0 /* APIModels.swift */,
				C32CCCD1FCD03C3B78D45A94 /* AuthModels.swift */,
				69F9F9CE308DF923BE2BDCFD /* BusinessModels.swift */,
				8811CF2E231D1E6CBC3747AB /* ChatHistoryModels.swift */,
				188BBAE794F7E217C4550D19 /* ChatModels.swift */,
				EE475D1D4FBCF7EC0CEA8539 /* IntelligenceModels.swift */,
				5C19E47A8B8D404C7CE58B66 /* NewsAnalyticsModels.swift */,
				B78845A5016AF7C18CF7C19F /* OptionsRiskModels.swift */,
				2876AF7CC87B87EFE6291EAD /* PortfolioModels.swift */,
				E453F056257B1FE592C10F23 /* ResearchDepthModels.swift */,
				DD7A2957C9BD8560D92DDC8A /* ResearchModels.swift */,
				67AAA6371E5F9A62AA7F1FBB /* SecResearchModels.swift */,
				AFBBB8AC18D51C219846D72E /* StockChartModels.swift */,
				8788CDEAF697F62FB4CB1BAE /* StrategyModels.swift */,
				59F7444BA0A9B62593A5DEDC /* StrategyScreenerModels.swift */,
				D4FBA69F1CBDF752325FCD5E /* WheelBacktestModels.swift */,
			);
			path = Models;
			sourceTree = "<group>";
		};
		C808AA8056388A2BD602D534 /* Views */ = {
			isa = PBXGroup;
			children = (
				E6DBC8853F557AF7FFFAFAB5 /* MainTabView.swift */,
				1DD7D537955707E54C28B3BA /* RootView.swift */,
				9FA6DB1A12AA5E03DBEDEB92 /* Auth */,
				991087F28EA41B7C4D32D1D8 /* Portfolio */,
				6F34F1CCA15BDD2EAAF9FFC4 /* Research */,
				FA5CA475DDEA43FBF15FE81D /* Settings */,
			);
			path = Views;
			sourceTree = "<group>";
		};
		E09C27F0400DCE512209C9E6 /* Settings */ = {
			isa = PBXGroup;
			children = (
				F084935B5A66C1A122711FD9 /* SettingsComponents.swift */,
				9F488810FC54D310EAA5E582 /* SettingsLoadingView.swift */,
				2340213ADCB169F9EAC23961 /* SettingsService.swift */,
				97AE132548425F9A2A96F97C /* SettingsViewModel.swift */,
				39C98136DDC0FC825197FA9E /* StrategyJourneyCard.swift */,
				78AA1E797ADD3849B5EC6425 /* StrategyService.swift */,
				6D57530770A660777D33892B /* StrategyStockScreenerView.swift */,
			);
			path = Settings;
			sourceTree = "<group>";
		};
		EB978A9820E364FC031F33AF /* Tomcrest */ = {
			isa = PBXGroup;
			children = (
				5846B37CAF738D6B5CE3F79B /* Assets.xcassets */,
				4D114FAE5DFFFD58359EDB0C /* Info.plist */,
				12C1F01FA657D19CAA988133 /* TomcrestApp.swift */,
				75D4F6141292882F0B23C51F /* Auth */,
				54779C7261E7836103FF04CC /* Config */,
				9E8740D94D50F53C0F2C861D /* Features */,
				C1A0AF2E0025AF3FD69AB0CD /* Models */,
				8CB8AA65B596C63518F9AA1A /* Networking */,
				A6838313C557F4F01386F637 /* UI */,
				C808AA8056388A2BD602D534 /* Views */,
			);
			path = Tomcrest;
			sourceTree = "<group>";
		};
		FA5CA475DDEA43FBF15FE81D /* Settings */ = {
			isa = PBXGroup;
			children = (
				9D1393FF472A9960D8838A77 /* SettingsView.swift */,
			);
			path = Settings;
			sourceTree = "<group>";
		};
/* End PBXGroup section */

/* Begin PBXNativeTarget section */
		61E91C968E701C7B16098D20 /* Tomcrest */ = {
			isa = PBXNativeTarget;
			buildConfigurationList = 27DC29DBD4C62A1DA7231CA9 /* Build configuration list for PBXNativeTarget "Tomcrest" */;
			buildPhases = (
				5EDBEBBF63D9EBD6E6D1F32B /* Sources */,
				450EE9BDAD4D3E3F32D51443 /* Resources */,
				FE20D78B053384FB027A9F7C /* Frameworks */,
			);
			buildRules = (
			);
			dependencies = (
			);
			name = Tomcrest;
			packageProductDependencies = (
				F095CC3DA398A8E9D0975A8C /* GoogleSignIn */,
			);
			productName = Tomcrest;
			productReference = 89DE7F43425C8D390A939AAA /* Tomcrest.app */;
			productType = "com.apple.product-type.application";
		};
/* End PBXNativeTarget section */

/* Begin PBXProject section */
		6D66BE7A4603004C3618F66F /* Project object */ = {
			isa = PBXProject;
			attributes = {
				BuildIndependentTargetsInParallel = YES;
				LastUpgradeCheck = 1600;
				TargetAttributes = {
					61E91C968E701C7B16098D20 = {
						DevelopmentTeam = "";
						ProvisioningStyle = Automatic;
					};
				};
			};
			buildConfigurationList = 34C53A5D9BDC9516164DF8CE /* Build configuration list for PBXProject "Tomcrest" */;
			developmentRegion = en;
			hasScannedForEncodings = 0;
			knownRegions = (
				Base,
				en,
			);
			mainGroup = A057449BDF123C968F4F3A49;
			minimizedProjectReferenceProxies = 1;
			packageReferences = (
				1B68DFB71B2D981473C88BF2 /* XCRemoteSwiftPackageReference "GoogleSignIn-iOS" */,
			);
			preferredProjectObjectVersion = 77;
			productRefGroup = 9436D7672295F3DB046D3EE8 /* Products */;
			projectDirPath = "";
			projectRoot = "";
			targets = (
				61E91C968E701C7B16098D20 /* Tomcrest */,
			);
		};
/* End PBXProject section */

/* Begin PBXResourcesBuildPhase section */
		450EE9BDAD4D3E3F32D51443 /* Resources */ = {
			isa = PBXResourcesBuildPhase;
			buildActionMask = 2147483647;
			files = (
				D6DF2E241EE76BE13FDB6DC8 /* Assets.xcassets in Resources */,
			);
			runOnlyForDeploymentPostprocessing = 0;
		};
/* End PBXResourcesBuildPhase section */

/* Begin PBXSourcesBuildPhase section */
		5EDBEBBF63D9EBD6E6D1F32B /* Sources */ = {
			isa = PBXSourcesBuildPhase;
			buildActionMask = 2147483647;
			files = (
				2E28456CD185944AE5CBA28A /* APIClient.swift in Sources */,
				5CDF03F4465036AC24C61ACF /* APIError.swift in Sources */,
				6420F069F391BBD23C04593A /* APIModels.swift in Sources */,
				345C86413058724D88395F42 /* AccountContext.swift in Sources */,
				7C67929BFF4D41646A188068 /* AccountModels.swift in Sources */,
				022DF7F5638E28227C34AB5D /* AnalysisModels.swift in Sources */,
				9F2D5670D69357410F2B77E0 /* AppComponents.swift in Sources */,
				A0D9F297E45D4A437B76D4B1 /* AppConfig.swift in Sources */,
				876EDE516C70CCC863787073 /* AppPanels.swift in Sources */,
				0F4D1A300CD465DDB7CF45B8 /* AppPreview.swift in Sources */,
				C04524FE1B708C4BC1650109 /* AppScreenShell.swift in Sources */,
				E110FB64AB1D3333777BD234 /* AppSectionHeader.swift in Sources */,
				E2747B142F61F03F7AA1FF07 /* AppSegmentedTabBar.swift in Sources */,
				603733FBB5E239CB24254ED1 /* AppTypography.swift in Sources */,
				7BEEB74D7A3BB5E65F07B7A7 /* AuthModels.swift in Sources */,
				9F61E35E72A4407122BC12F8 /* AuthSession.swift in Sources */,
				F9495F2AEBEBE6436C0F3643 /* BusinessModels.swift in Sources */,
				CE2E11D48D5A981361F1EC38 /* ChatComponents.swift in Sources */,
				95B5383B71683D5E95CB1603 /* ChatHistoryModels.swift in Sources */,
				F47DFDC7E54B57D839234BB4 /* ChatModelPicker.swift in Sources */,
				4CFE1A320FB9B8D3B244F53D /* ChatModels.swift in Sources */,
				B0DC5D06C53CFFED4C278EBC /* ChatService.swift in Sources */,
				E6B2A27CE24D9665AB4F7253 /* DesignTokens.swift in Sources */,
				1C4CA1DFD09FF7BA8D4F7D68 /* Formatters.swift in Sources */,
				49CAD6D3CB2983DAF32469B6 /* FundamentalMetricGroups.swift in Sources */,
				8A6FAE9EB668DCD65584BA38 /* GoogleSignInCoordinator.swift in Sources */,
				A035F6CA7429977B09C53D74 /* IntelligenceHelpers.swift in Sources */,
				410D54EEF14C972C8A7CBBE9 /* IntelligenceModels.swift in Sources */,
				7E6F5C8C06C5AF03ED5B1B1B /* JSONPassThrough.swift in Sources */,
				3919F82CE73A628AF197FA7A /* KeychainTokenStore.swift in Sources */,
				4F262311EC5E264A1AF0C2FA /* Layout.swift in Sources */,
				3801B3CA037907DBDFE34D47 /* MainTabView.swift in Sources */,
				FD78AD0247CD37FBBE553DD1 /* MarkdownText.swift in Sources */,
				AFF402A654B47E2AF6272929 /* NewsAnalyticsModels.swift in Sources */,
				F2713C9C732DA118C816871B /* NotificationNames.swift in Sources */,
				BF851FFECD297D9A5E053CB8 /* OnboardingComponents.swift in Sources */,
				1C5296B195B50EE5862EA452 /* OnboardingStorage.swift in Sources */,
				D26A663CFDDF34D9ADFDB5BC /* OptionsRiskModels.swift in Sources */,
				A4A4EC4F4CB83EE257E5537A /* PdfExportSupport.swift in Sources */,
				CE177BFF154AEB04A3EA13D4 /* PortfolioActivityComponents.swift in Sources */,
				50C901F53AA8EE4A1B4FDFCC /* PortfolioAnalysisComponents.swift in Sources */,
				D1EDF95AFFA5C3D8BAF54D67 /* PortfolioChatPanel.swift in Sources */,
				F0F5B8A7D6E473A1400631C7 /* PortfolioComponents.swift in Sources */,
				136943E11389470444E8B0A4 /* PortfolioHoldingsComponents.swift in Sources */,
				0B1A53F6AAAEE34A3C5565F8 /* PortfolioModels.swift in Sources */,
				F44BCF05384E6A789B23ED88 /* PortfolioService.swift in Sources */,
				85896D33F93EAD708755F0C4 /* PortfolioView.swift in Sources */,
				F793B0C25DD5215BA233D127 /* PortfolioViewModel.swift in Sources */,
				6476448BF8BDA9C38868D4D6 /* RecentOrderFormatters.swift in Sources */,
				23728EDEFEA59356CF52E3DB /* ResearchChatPanel.swift in Sources */,
				C45BA35E0B0C78EE8523D258 /* ResearchDepthModels.swift in Sources */,
				EFB5B5F68785C84539204E71 /* ResearchDepthTabViews.swift in Sources */,
				6FE87C706C8D4D98F20DFB5E /* ResearchExtendedSections.swift in Sources */,
				605DD9D95546BDF948AD9BF5 /* ResearchExtendedTabs.swift in Sources */,
				88B3BF90EAEF5E1FA47C79D7 /* ResearchFundamentalsComponents.swift in Sources */,
				AC7D9B871A12FB1302BBFF24 /* ResearchModels.swift in Sources */,
				68D393B40E051908E638236E /* ResearchNewsComponents.swift in Sources */,
				3E8273AE6D298275A3E57771 /* ResearchOverviewComponents.swift in Sources */,
				D7F740EE773E71AC8EA76D07 /* ResearchOverviewExtended.swift in Sources */,
				9CD6CFDBC2C980C2C88E7084 /* ResearchQuickAccessComponents.swift in Sources */,
				965CFFA572463C3B4BF12AC7 /* ResearchService.swift in Sources */,
				408048425ECAAC3FCE7D612C /* ResearchSymbolStorage.swift in Sources */,
				52860501FB9FFDD5609277EC /* ResearchTab.swift in Sources */,
				BD0A59EF10FF13AB64D7AF68 /* ResearchTabBar.swift in Sources */,
				0C0EDFEFA80819148BA4A3B3 /* ResearchView.swift in Sources */,
				5499A7B6F06A987E55ACDEF1 /* ResearchViewModel.swift in Sources */,
				7491373B0109EFBD3A900311 /* RootView.swift in Sources */,
				B56A9900012BD963937C8B33 /* SchwabOAuthCoordinator.swift in Sources */,
				11C31EB05F4A2E881BC0489F /* SecResearchModels.swift in Sources */,
				8F0D0A88D68993A27DBDA07F /* SettingsComponents.swift in Sources */,
				28BDE433477973AF54E3EAF5 /* SettingsLoadingView.swift in Sources */,
				95BFFD728F1449645BAF7D52 /* SettingsService.swift in Sources */,
				DAA94D69B97407F82B1557E1 /* SettingsView.swift in Sources */,
				E11EE29B2EA051338B14ACAA /* SettingsViewModel.swift in Sources */,
				D9AD758A5E7AC712A2705C2D /* SignInView.swift in Sources */,
				B13A87E987FBEF80D734F804 /* StockChartModels.swift in Sources */,
				2E0F062263870D074455B239 /* StrategyFlowComponents.swift in Sources */,
				8726FF914A8CA5B6098BBD1E /* StrategyFlows.swift in Sources */,
				D1FBD2C51C3BAB70CCBFC25E /* StrategyJourneyCard.swift in Sources */,
				BC0AAE1F5FA9DE27A5EDEDFB /* StrategyModels.swift in Sources */,
				E97F1FC6A75D55CB85A5CA80 /* StrategyOnboardingWizard.swift in Sources */,
				F03D08600526973151353D3A /* StrategyPlaybookComponents.swift in Sources */,
				BCDBEB62F08E9324E81520B9 /* StrategyPlaybookHelpers.swift in Sources */,
				E1B44797CAF0B6A37C3AE2B9 /* StrategyScreenerModels.swift in Sources */,
				FA4196BD364D08A127CCC7D5 /* StrategyService.swift in Sources */,
				DD49B44789AA690829F81C98 /* StrategyStockScreenerView.swift in Sources */,
				3457AA9D8BDDAD8F969FC80A /* StrategySymbolPlaybookStrip.swift in Sources */,
				36CBE95366E0512B42C09B1D /* StreamingAPIClient.swift in Sources */,
				5F5498BC2CC2FE602F561F63 /* StructuredAnalysisSupport.swift in Sources */,
				0E3236CEEBF388CCA323FEE8 /* SymbolAnalysisComponents.swift in Sources */,
				8A0596DBD784D5F9F553918A /* SymbolDepthViewModel.swift in Sources */,
				2572DB42360EAF15B1713636 /* SymbolOverviewView.swift in Sources */,
				0BFECB8AE242696230A37BDF /* SymbolPositionComponents.swift in Sources */,
				53112FC60664E4D30EC805C8 /* SymbolPositionViewModel.swift in Sources */,
				CB220ECFA6CD08099BC788DC /* SymbolResearchView.swift in Sources */,
				149F1390EBB5296DA3EFEE72 /* TomcrestApp.swift in Sources */,
				E9A03D77A7C3ECA52147034F /* WheelBacktestExtendedViews.swift in Sources */,
				8E3F4FAB8DA31690DAA853F8 /* WheelBacktestModels.swift in Sources */,
			);
			runOnlyForDeploymentPostprocessing = 0;
		};
/* End PBXSourcesBuildPhase section */

/* Begin XCBuildConfiguration section */
		2357CA90A2096E75C5F439FD /* Debug */ = {
			isa = XCBuildConfiguration;
			buildSettings = {
				ALWAYS_SEARCH_USER_PATHS = NO;
				CLANG_ANALYZER_NONNULL = YES;
				CLANG_ANALYZER_NUMBER_OBJECT_CONVERSION = YES_AGGRESSIVE;
				CLANG_CXX_LANGUAGE_STANDARD = "gnu++14";
				CLANG_CXX_LIBRARY = "libc++";
				CLANG_ENABLE_MODULES = YES;
				CLANG_ENABLE_OBJC_ARC = YES;
				CLANG_ENABLE_OBJC_WEAK = YES;
				CLANG_WARN_BLOCK_CAPTURE_AUTORELEASING = YES;
				CLANG_WARN_BOOL_CONVERSION = YES;
				CLANG_WARN_COMMA = YES;
				CLANG_WARN_CONSTANT_CONVERSION = YES;
				CLANG_WARN_DEPRECATED_OBJC_IMPLEMENTATIONS = YES;
				CLANG_WARN_DIRECT_OBJC_ISA_USAGE = YES_ERROR;
				CLANG_WARN_DOCUMENTATION_COMMENTS = YES;
				CLANG_WARN_EMPTY_BODY = YES;
				CLANG_WARN_ENUM_CONVERSION = YES;
				CLANG_WARN_INFINITE_RECURSION = YES;
				CLANG_WARN_INT_CONVERSION = YES;
				CLANG_WARN_NON_LITERAL_NULL_CONVERSION = YES;
				CLANG_WARN_OBJC_IMPLICIT_RETAIN_SELF = YES;
				CLANG_WARN_OBJC_LITERAL_CONVERSION = YES;
				CLANG_WARN_OBJC_ROOT_CLASS = YES_ERROR;
				CLANG_WARN_QUOTED_INCLUDE_IN_FRAMEWORK_HEADER = YES;
				CLANG_WARN_RANGE_LOOP_ANALYSIS = YES;
				CLANG_WARN_STRICT_PROTOTYPES = YES;
				CLANG_WARN_SUSPICIOUS_MOVE = YES;
				CLANG_WARN_UNGUARDED_AVAILABILITY = YES_AGGRESSIVE;
				CLANG_WARN_UNREACHABLE_CODE = YES;
				CLANG_WARN__DUPLICATE_METHOD_MATCH = YES;
				CODE_SIGN_STYLE = Automatic;
				COPY_PHASE_STRIP = NO;
				CURRENT_PROJECT_VERSION = 1;
				DEBUG_INFORMATION_FORMAT = dwarf;
				DEVELOPMENT_TEAM = "";
				ENABLE_STRICT_OBJC_MSGSEND = YES;
				ENABLE_TESTABILITY = YES;
				GCC_C_LANGUAGE_STANDARD = gnu11;
				GCC_DYNAMIC_NO_PIC = NO;
				GCC_NO_COMMON_BLOCKS = YES;
				GCC_OPTIMIZATION_LEVEL = 0;
				GCC_PREPROCESSOR_DEFINITIONS = (
					"$(inherited)",
					"DEBUG=1",
				);
				GCC_WARN_64_TO_32_BIT_CONVERSION = YES;
				GCC_WARN_ABOUT_RETURN_TYPE = YES_ERROR;
				GCC_WARN_UNDECLARED_SELECTOR = YES;
				GCC_WARN_UNINITIALIZED_AUTOS = YES_AGGRESSIVE;
				GCC_WARN_UNUSED_FUNCTION = YES;
				GCC_WARN_UNUSED_VARIABLE = YES;
				IPHONEOS_DEPLOYMENT_TARGET = 17.0;
				MARKETING_VERSION = 0.1.0;
				MTL_ENABLE_DEBUG_INFO = INCLUDE_SOURCE;
				MTL_FAST_MATH = YES;
				ONLY_ACTIVE_ARCH = YES;
				PRODUCT_NAME = "$(TARGET_NAME)";
				SDKROOT = iphoneos;
				SWIFT_ACTIVE_COMPILATION_CONDITIONS = DEBUG;
				SWIFT_OPTIMIZATION_LEVEL = "-Onone";
				SWIFT_VERSION = 5.10;
				TARGETED_DEVICE_FAMILY = "1,2";
			};
			name = Debug;
		};
		53BA9C227B0CBD17A0C15A09 /* Release */ = {
			isa = XCBuildConfiguration;
			buildSettings = {
				ALWAYS_SEARCH_USER_PATHS = NO;
				CLANG_ANALYZER_NONNULL = YES;
				CLANG_ANALYZER_NUMBER_OBJECT_CONVERSION = YES_AGGRESSIVE;
				CLANG_CXX_LANGUAGE_STANDARD = "gnu++14";
				CLANG_CXX_LIBRARY = "libc++";
				CLANG_ENABLE_MODULES = YES;
				CLANG_ENABLE_OBJC_ARC = YES;
				CLANG_ENABLE_OBJC_WEAK = YES;
				CLANG_WARN_BLOCK_CAPTURE_AUTORELEASING = YES;
				CLANG_WARN_BOOL_CONVERSION = YES;
				CLANG_WARN_COMMA = YES;
				CLANG_WARN_CONSTANT_CONVERSION = YES;
				CLANG_WARN_DEPRECATED_OBJC_IMPLEMENTATIONS = YES;
				CLANG_WARN_DIRECT_OBJC_ISA_USAGE = YES_ERROR;
				CLANG_WARN_DOCUMENTATION_COMMENTS = YES;
				CLANG_WARN_EMPTY_BODY = YES;
				CLANG_WARN_ENUM_CONVERSION = YES;
				CLANG_WARN_INFINITE_RECURSION = YES;
				CLANG_WARN_INT_CONVERSION = YES;
				CLANG_WARN_NON_LITERAL_NULL_CONVERSION = YES;
				CLANG_WARN_OBJC_IMPLICIT_RETAIN_SELF = YES;
				CLANG_WARN_OBJC_LITERAL_CONVERSION = YES;
				CLANG_WARN_OBJC_ROOT_CLASS = YES_ERROR;
				CLANG_WARN_QUOTED_INCLUDE_IN_FRAMEWORK_HEADER = YES;
				CLANG_WARN_RANGE_LOOP_ANALYSIS = YES;
				CLANG_WARN_STRICT_PROTOTYPES = YES;
				CLANG_WARN_SUSPICIOUS_MOVE = YES;
				CLANG_WARN_UNGUARDED_AVAILABILITY = YES_AGGRESSIVE;
				CLANG_WARN_UNREACHABLE_CODE = YES;
				CLANG_WARN__DUPLICATE_METHOD_MATCH = YES;
				CODE_SIGN_STYLE = Automatic;
				COPY_PHASE_STRIP = NO;
				CURRENT_PROJECT_VERSION = 1;
				DEBUG_INFORMATION_FORMAT = "dwarf-with-dsym";
				DEVELOPMENT_TEAM = "";
				ENABLE_NS_ASSERTIONS = NO;
				ENABLE_STRICT_OBJC_MSGSEND = YES;
				GCC_C_LANGUAGE_STANDARD = gnu11;
				GCC_NO_COMMON_BLOCKS = YES;
				GCC_WARN_64_TO_32_BIT_CONVERSION = YES;
				GCC_WARN_ABOUT_RETURN_TYPE = YES_ERROR;
				GCC_WARN_UNDECLARED_SELECTOR = YES;
				GCC_WARN_UNINITIALIZED_AUTOS = YES_AGGRESSIVE;
				GCC_WARN_UNUSED_FUNCTION = YES;
				GCC_WARN_UNUSED_VARIABLE = YES;
				IPHONEOS_DEPLOYMENT_TARGET = 17.0;
				MARKETING_VERSION = 0.1.0;
				MTL_ENABLE_DEBUG_INFO = NO;
				MTL_FAST_MATH = YES;
				PRODUCT_NAME = "$(TARGET_NAME)";
				SDKROOT = iphoneos;
				SWIFT_COMPILATION_MODE = wholemodule;
				SWIFT_OPTIMIZATION_LEVEL = "-O";
				SWIFT_VERSION = 5.10;
				TARGETED_DEVICE_FAMILY = "1,2";
			};
			name = Release;
		};
		53E53F5B81762C83BB602DB0 /* Release */ = {
			isa = XCBuildConfiguration;
			buildSettings = {
				ASSETCATALOG_COMPILER_APPICON_NAME = AppIcon;
				ASSETCATALOG_COMPILER_GLOBAL_ACCENT_COLOR_NAME = AccentColor;
				CODE_SIGN_IDENTITY = "iPhone Developer";
				GENERATE_INFOPLIST_FILE = YES;
				INFOPLIST_FILE = Tomcrest/Info.plist;
				INFOPLIST_KEY_CFBundleDisplayName = Tomcrest;
				INFOPLIST_KEY_ITSAppUsesNonExemptEncryption = NO;
				INFOPLIST_KEY_UIApplicationSceneManifest_Generation = YES;
				INFOPLIST_KEY_UILaunchScreen_Generation = YES;
				INFOPLIST_KEY_UISupportedInterfaceOrientations = UIInterfaceOrientationPortrait;
				INFOPLIST_KEY_UISupportedInterfaceOrientations_iPad = "UIInterfaceOrientationPortrait UIInterfaceOrientationPortraitUpsideDown UIInterfaceOrientationLandscapeLeft UIInterfaceOrientationLandscapeRight";
				LD_RUNPATH_SEARCH_PATHS = (
					"$(inherited)",
					"@executable_path/Frameworks",
				);
				PRODUCT_BUNDLE_IDENTIFIER = com.tomcrest.app;
				SDKROOT = iphoneos;
				TARGETED_DEVICE_FAMILY = "1,2";
			};
			name = Release;
		};
		9FE6C20EAB60B25081DA55DC /* Debug */ = {
			isa = XCBuildConfiguration;
			buildSettings = {
				ASSETCATALOG_COMPILER_APPICON_NAME = AppIcon;
				ASSETCATALOG_COMPILER_GLOBAL_ACCENT_COLOR_NAME = AccentColor;
				CODE_SIGN_IDENTITY = "iPhone Developer";
				GENERATE_INFOPLIST_FILE = YES;
				INFOPLIST_FILE = Tomcrest/Info.plist;
				INFOPLIST_KEY_CFBundleDisplayName = Tomcrest;
				INFOPLIST_KEY_ITSAppUsesNonExemptEncryption = NO;
				INFOPLIST_KEY_UIApplicationSceneManifest_Generation = YES;
				INFOPLIST_KEY_UILaunchScreen_Generation = YES;
				INFOPLIST_KEY_UISupportedInterfaceOrientations = UIInterfaceOrientationPortrait;
				INFOPLIST_KEY_UISupportedInterfaceOrientations_iPad = "UIInterfaceOrientationPortrait UIInterfaceOrientationPortraitUpsideDown UIInterfaceOrientationLandscapeLeft UIInterfaceOrientationLandscapeRight";
				LD_RUNPATH_SEARCH_PATHS = (
					"$(inherited)",
					"@executable_path/Frameworks",
				);
				PRODUCT_BUNDLE_IDENTIFIER = com.tomcrest.app;
				SDKROOT = iphoneos;
				TARGETED_DEVICE_FAMILY = "1,2";
			};
			name = Debug;
		};
/* End XCBuildConfiguration section */

/* Begin XCConfigurationList section */
		27DC29DBD4C62A1DA7231CA9 /* Build configuration list for PBXNativeTarget "Tomcrest" */ = {
			isa = XCConfigurationList;
			buildConfigurations = (
				9FE6C20EAB60B25081DA55DC /* Debug */,
				53E53F5B81762C83BB602DB0 /* Release */,
			);
			defaultConfigurationIsVisible = 0;
			defaultConfigurationName = Debug;
		};
		34C53A5D9BDC9516164DF8CE /* Build configuration list for PBXProject "Tomcrest" */ = {
			isa = XCConfigurationList;
			buildConfigurations = (
				2357CA90A2096E75C5F439FD /* Debug */,
				53BA9C227B0CBD17A0C15A09 /* Release */,
			);
			defaultConfigurationIsVisible = 0;
			defaultConfigurationName = Debug;
		};
/* End XCConfigurationList section */

/* Begin XCRemoteSwiftPackageReference section */
		1B68DFB71B2D981473C88BF2 /* XCRemoteSwiftPackageReference "GoogleSignIn-iOS" */ = {
			isa = XCRemoteSwiftPackageReference;
			repositoryURL = "https://github.com/google/GoogleSignIn-iOS";
			requirement = {
				kind = upToNextMajorVersion;
				minimumVersion = 8.0.0;
			};
		};
/* End XCRemoteSwiftPackageReference section */

/* Begin XCSwiftPackageProductDependency section */
		F095CC3DA398A8E9D0975A8C /* GoogleSignIn */ = {
			isa = XCSwiftPackageProductDependency;
			package = 1B68DFB71B2D981473C88BF2 /* XCRemoteSwiftPackageReference "GoogleSignIn-iOS" */;
			productName = GoogleSignIn;
		};
/* End XCSwiftPackageProductDependency section */
	};
	rootObject = 6D66BE7A4603004C3618F66F /* Project object */;
}
